// !$*UTF8*$!
{
	archiveVersion = 1;
	classes = {
	};
	objectVersion = 77;
	objects = {

/* Begin PBXBuildFile section */
		5352C7AE2DCBCBA10022B105 /* main.m in Sources */ = {isa = PBXBuildFile; fileRef = 5352C7A62DCBCBA10022B105 /* main.m */; };
		5352C7AF2DCBCBA10022B105 /* SceneDelegate.m in Sources */ = {isa = PBXBuildFile; fileRef = 5352C7AA2DCBCBA10022B105 /* SceneDelegate.m */; };
		5352C7B02DCBCBA10022B105 /* ViewController.m in Sources */ = {isa = PBXBuildFile; fileRef = 5352C7AC2DCBCBA10022B105 /* ViewController.m */; };
		5352C7B12DCBCBA10022B105 /* AppDelegate.m in Sources */ = {isa = PBXBuildFile; fileRef = 5352C7A12DCBCBA10022B105 /* AppDelegate.m */; };
		5352C7B32DCBCBA10022B105 /* Assets.xcassets in Resources */ = {isa = PBXBuildFile; fileRef = 5352C7A22DCBCBA10022B105 /* Assets.xcassets */; };
		5352C7B42DCBCBA10022B105 /* Main.storyboard in Resources */ = {isa = PBXBuildFile; fileRef = 5352C7A82DCBCBA10022B105 /* Main.storyboard */; };
		5352C7B52DCBCBA10022B105 /* LaunchScreen.storyboard in Resources */ = {isa = PBXBuildFile; fileRef = 5352C7A52DCBCBA10022B105 /* LaunchScreen.storyboard */; };
		535C9FDB2DFABF6700F6618A /* SetPushTokenPlugin.m in Sources */ = {isa = PBXBuildFile; fileRef = 535C9FDA2DFABF6700F6618A /* SetPushTokenPlugin.m */; };
		53DEA7352E03EBD600D6C371 /* RudderStackAnalytics.framework in Frameworks */ = {isa = PBXBuildFile; fileRef = 53DEA7342E03EBD600D6C371 /* RudderStackAnalytics.framework */; };
		53DEA7362E03EBD600D6C371 /* RudderStackAnalytics.framework in Embed Frameworks */ = {isa = PBXBuildFile; fileRef = 53DEA7342E03EBD600D6C371 /* RudderStackAnalytics.framework */; settings = {ATTRIBUTES = (CodeSignOnCopy, RemoveHeadersOnCopy, ); }; };
		53E01B7E2DE61B3200602AFD /* AnalyticsManager.m in Sources */ = {isa = PBXBuildFile; fileRef = 53E01B7D2DE61B3200602AFD /* AnalyticsManager.m */; };
		53E01B812DE62BE300602AFD /* CustomLogger.m in Sources */ = {isa = PBXBuildFile; fileRef = 53E01B802DE62BE300602AFD /* CustomLogger.m */; };
		53E01B842DE62CD300602AFD /* CustomOptionPlugin.m in Sources */ = {isa = PBXBuildFile; fileRef = 53E01B832DE62CD300602AFD /* CustomOptionPlugin.m */; };
		53E01BE02DE8C89200602AFD /* ObjCCompat.m in Sources */ = {isa = PBXBuildFile; fileRef = 53E01BDF2DE8C89200602AFD /* ObjCCompat.m */; };
		8CBEA3402DF9B3580034B8E8 /* SetAnonymousIdPlugin.m in Sources */ = {isa = PBXBuildFile; fileRef = 8CBEA33F2DF9B3580034B8E8 /* SetAnonymousIdPlugin.m */; };
/* End PBXBuildFile section */

/* Begin PBXCopyFilesBuildPhase section */
		53DEA7372E03EBD600D6C371 /* Embed Frameworks */ = {
			isa = PBXCopyFilesBuildPhase;
			buildActionMask = 2147483647;
			dstPath = "";
			dstSubfolderSpec = 10;
			files = (
				53DEA7362E03EBD600D6C371 /* RudderStackAnalytics.framework in Embed Frameworks */,
			);
			name = "Embed Frameworks";
			runOnlyForDeploymentPostprocessing = 0;
		};
/* End PBXCopyFilesBuildPhase section */

/* Begin PBXFileReference section */
		5352C76D2DCBCB390022B105 /* AnalyticsAppObjC.app */ = {isa = PBXFileReference; explicitFileType = wrapper.application; includeInIndex = 0; path = AnalyticsAppObjC.app; sourceTree = BUILT_PRODUCTS_DIR; };
		5352C7A02DCBCBA10022B105 /* AppDelegate.h */ = {isa = PBXFileReference; lastKnownFileType = sourcecode.c.h; path = AppDelegate.h; sourceTree = "<group>"; };
		5352C7A12DCBCBA10022B105 /* AppDelegate.m */ = {isa = PBXFileReference; lastKnownFileType = sourcecode.c.objc; path = AppDelegate.m; sourceTree = "<group>"; };
		5352C7A22DCBCBA10022B105 /* Assets.xcassets */ = {isa = PBXFileReference; lastKnownFileType = folder.assetcatalog; path = Assets.xcassets; sourceTree = "<group>"; };
		5352C7A32DCBCBA10022B105 /* Info.plist */ = {isa = PBXFileReference; lastKnownFileType = text.plist.xml; path = Info.plist; sourceTree = "<group>"; };
		5352C7A42DCBCBA10022B105 /* Base */ = {isa = PBXFileReference; lastKnownFileType = file.storyboard; name = Base; path = Base.lproj/LaunchScreen.storyboard; sourceTree = "<group>"; };
		5352C7A62DCBCBA10022B105 /* main.m */ = {isa = PBXFileReference; lastKnownFileType = sourcecode.c.objc; path = main.m; sourceTree = "<group>"; };
		5352C7A72DCBCBA10022B105 /* Base */ = {isa = PBXFileReference; lastKnownFileType = file.storyboard; name = Base; path = Base.lproj/Main.storyboard; sourceTree = "<group>"; };
		5352C7A92DCBCBA10022B105 /* SceneDelegate.h */ = {isa = PBXFileReference; lastKnownFileType = sourcecode.c.h; path = SceneDelegate.h; sourceTree = "<group>"; };
		5352C7AA2DCBCBA10022B105 /* SceneDelegate.m */ = {isa = PBXFileReference; lastKnownFileType = sourcecode.c.objc; path = SceneDelegate.m; sourceTree = "<group>"; };
		5352C7AB2DCBCBA10022B105 /* ViewController.h */ = {isa = PBXFileReference; lastKnownFileType = sourcecode.c.h; path = ViewController.h; sourceTree = "<group>"; };
		5352C7AC2DCBCBA10022B105 /* ViewController.m */ = {isa = PBXFileReference; lastKnownFileType = sourcecode.c.objc; path = ViewController.m; sourceTree = "<group>"; };
		535C9FD92DFABF6700F6618A /* SetPushTokenPlugin.h */ = {isa = PBXFileReference; lastKnownFileType = sourcecode.c.h; path = SetPushTokenPlugin.h; sourceTree = "<group>"; };
		535C9FDA2DFABF6700F6618A /* SetPushTokenPlugin.m */ = {isa = PBXFileReference; lastKnownFileType = sourcecode.c.objc; path = SetPushTokenPlugin.m; sourceTree = "<group>"; };
		53DEA7342E03EBD600D6C371 /* RudderStackAnalytics.framework */ = {isa = PBXFileReference; explicitFileType = wrapper.framework; path = RudderStackAnalytics.framework; sourceTree = BUILT_PRODUCTS_DIR; };
		53E01B7C2DE61B3200602AFD /* AnalyticsManager.h */ = {isa = PBXFileReference; lastKnownFileType = sourcecode.c.h; path = AnalyticsManager.h; sourceTree = "<group>"; };
		53E01B7D2DE61B3200602AFD /* AnalyticsManager.m */ = {isa = PBXFileReference; lastKnownFileType = sourcecode.c.objc; path = AnalyticsManager.m; sourceTree = "<group>"; };
		53E01B7F2DE62BE300602AFD /* CustomLogger.h */ = {isa = PBXFileReference; lastKnownFileType = sourcecode.c.h; path = CustomLogger.h; sourceTree = "<group>"; };
		53E01B802DE62BE300602AFD /* CustomLogger.m */ = {isa = PBXFileReference; lastKnownFileType = sourcecode.c.objc; path = CustomLogger.m; sourceTree = "<group>"; };
		53E01B822DE62CD300602AFD /* CustomOptionPlugin.h */ = {isa = PBXFileReference; lastKnownFileType = sourcecode.c.h; path = CustomOptionPlugin.h; sourceTree = "<group>"; };
		53E01B832DE62CD300602AFD /* CustomOptionPlugin.m */ = {isa = PBXFileReference; lastKnownFileType = sourcecode.c.objc; path = CustomOptionPlugin.m; sourceTree = "<group>"; };
		53E01BDE2DE8C89200602AFD /* ObjCCompat.h */ = {isa = PBXFileReference; lastKnownFileType = sourcecode.c.h; path = ObjCCompat.h; sourceTree = "<group>"; };
		53E01BDF2DE8C89200602AFD /* ObjCCompat.m */ = {isa = PBXFileReference; lastKnownFileType = sourcecode.c.objc; path = ObjCCompat.m; sourceTree = "<group>"; };
		8CBEA33F2DF9B3580034B8E8 /* SetAnonymousIdPlugin.m */ = {isa = PBXFileReference; lastKnownFileType = sourcecode.c.objc; path = SetAnonymousIdPlugin.m; sourceTree = "<group>"; };
		8CBEA3412DF9B36A0034B8E8 /* SetAnonymousIdPlugin.h */ = {isa = PBXFileReference; lastKnownFileType = sourcecode.c.h; path = SetAnonymousIdPlugin.h; sourceTree = "<group>"; };
/* End PBXFileReference section */

/* Begin PBXFrameworksBuildPhase section */
		5352C76A2DCBCB390022B105 /* Frameworks */ = {
			isa = PBXFrameworksBuildPhase;
			buildActionMask = 2147483647;
			files = (
				53DEA7352E03EBD600D6C371 /* RudderStackAnalytics.framework in Frameworks */,
			);
			runOnlyForDeploymentPostprocessing = 0;
		};
/* End PBXFrameworksBuildPhase section */

/* Begin PBXGroup section */
		5352C7642DCBCB390022B105 = {
			isa = PBXGroup;
			children = (
				5352C7AD2DCBCBA10022B105 /* AnalyticsAppObjC */,
				5352C7B62DCBCBD10022B105 /* Frameworks */,
				5352C76E2DCBCB390022B105 /* Products */,
			);
			sourceTree = "<group>";
		};
		5352C76E2DCBCB390022B105 /* Products */ = {
			isa = PBXGroup;
			children = (
				5352C76D2DCBCB390022B105 /* AnalyticsAppObjC.app */,
			);
			name = Products;
			sourceTree = "<group>";
		};
		5352C7AD2DCBCBA10022B105 /* AnalyticsAppObjC */ = {
			isa = PBXGroup;
			children = (
				5352C7BB2DCBCC0A0022B105 /* AppDelegate */,
				5352C7BD2DCBCC490022B105 /* ViewControllers */,
				5352C7BC2DCBCC2D0022B105 /* Storyboards */,
				53E01B852DE62E7500602AFD /* AnalyticsManager */,
				53E01B862DE62E8000602AFD /* CustomLogger */,
				53E01B872DE62E8E00602AFD /* CustomOptionPlugin */,
				8CBEA33C2DF9B30B0034B8E8 /* CustomPlugins */,
				535C9FDC2DFABF7000F6618A /* SetPushTokenPlugin */,
				53E01BE12DE8C89A00602AFD /* ObjCCompat */,
				5352C7A22DCBCBA10022B105 /* Assets.xcassets */,
				5352C7A32DCBCBA10022B105 /* Info.plist */,
				5352C7A62DCBCBA10022B105 /* main.m */,
			);
			path = AnalyticsAppObjC;
			sourceTree = "<group>";
		};
		5352C7B62DCBCBD10022B105 /* Frameworks */ = {
			isa = PBXGroup;
			children = (
				53DEA7342E03EBD600D6C371 /* RudderStackAnalytics.framework */,
			);
			name = Frameworks;
			sourceTree = "<group>";
		};
		5352C7BB2DCBCC0A0022B105 /* AppDelegate */ = {
			isa = PBXGroup;
			children = (
				5352C7A02DCBCBA10022B105 /* AppDelegate.h */,
				5352C7A12DCBCBA10022B105 /* AppDelegate.m */,
				5352C7A92DCBCBA10022B105 /* SceneDelegate.h */,
				5352C7AA2DCBCBA10022B105 /* SceneDelegate.m */,
			);
			path = AppDelegate;
			sourceTree = "<group>";
		};
		5352C7BC2DCBCC2D0022B105 /* Storyboards */ = {
			isa = PBXGroup;
			children = (
				5352C7A52DCBCBA10022B105 /* LaunchScreen.storyboard */,
				5352C7A82DCBCBA10022B105 /* Main.storyboard */,
			);
			path = Storyboards;
			sourceTree = "<group>";
		};
		5352C7BD2DCBCC490022B105 /* ViewControllers */ = {
			isa = PBXGroup;
			children = (
				5352C7AB2DCBCBA10022B105 /* ViewController.h */,
				5352C7AC2DCBCBA10022B105 /* ViewController.m */,
			);
			path = ViewControllers;
			sourceTree = "<group>";
		};
		535C9FDC2DFABF7000F6618A /* SetPushTokenPlugin */ = {
			isa = PBXGroup;
			children = (
				535C9FD92DFABF6700F6618A /* SetPushTokenPlugin.h */,
				535C9FDA2DFABF6700F6618A /* SetPushTokenPlugin.m */,
			);
			path = SetPushTokenPlugin;
			sourceTree = "<group>";
		};
		53E01B852DE62E7500602AFD /* AnalyticsManager */ = {
			isa = PBXGroup;
			children = (
				53E01B7C2DE61B3200602AFD /* AnalyticsManager.h */,
				53E01B7D2DE61B3200602AFD /* AnalyticsManager.m */,
			);
			path = AnalyticsManager;
			sourceTree = "<group>";
		};
		53E01B862DE62E8000602AFD /* CustomLogger */ = {
			isa = PBXGroup;
			children = (
				53E01B7F2DE62BE300602AFD /* CustomLogger.h */,
				53E01B802DE62BE300602AFD /* CustomLogger.m */,
			);
			path = CustomLogger;
			sourceTree = "<group>";
		};
		53E01B872DE62E8E00602AFD /* CustomOptionPlugin */ = {
			isa = PBXGroup;
			children = (
				53E01B822DE62CD300602AFD /* CustomOptionPlugin.h */,
				53E01B832DE62CD300602AFD /* CustomOptionPlugin.m */,
			);
			path = CustomOptionPlugin;
			sourceTree = "<group>";
		};
		53E01BE12DE8C89A00602AFD /* ObjCCompat */ = {
			isa = PBXGroup;
			children = (
				53E01BDE2DE8C89200602AFD /* ObjCCompat.h */,
				53E01BDF2DE8C89200602AFD /* ObjCCompat.m */,
			);
			path = ObjCCompat;
			sourceTree = "<group>";
		};
		8CBEA33C2DF9B30B0034B8E8 /* CustomPlugins */ = {
			isa = PBXGroup;
			children = (
				8CBEA3412DF9B36A0034B8E8 /* SetAnonymousIdPlugin.h */,
				8CBEA33F2DF9B3580034B8E8 /* SetAnonymousIdPlugin.m */,
			);
			path = CustomPlugins;
			sourceTree = "<group>";
		};
/* End PBXGroup section */

/* Begin PBXNativeTarget section */
		5352C76C2DCBCB390022B105 /* AnalyticsAppObjC */ = {
			isa = PBXNativeTarget;
			buildConfigurationList = 5352C7852DCBCB3A0022B105 /* Build configuration list for PBXNativeTarget "AnalyticsAppObjC" */;
			buildPhases = (
				5352C7692DCBCB390022B105 /* Sources */,
				5352C76A2DCBCB390022B105 /* Frameworks */,
				5352C76B2DCBCB390022B105 /* Resources */,
				53DEA7372E03EBD600D6C371 /* Embed Frameworks */,
			);
			buildRules = (
			);
			dependencies = (
			);
			name = AnalyticsAppObjC;
			packageProductDependencies = (
			);
			productName = AnalyticsAppObjC;
			productReference = 5352C76D2DCBCB390022B105 /* AnalyticsAppObjC.app */;
			productType = "com.apple.product-type.application";
		};
/* End PBXNativeTarget section */

/* Begin PBXProject section */
		5352C7652DCBCB390022B105 /* Project object */ = {
			isa = PBXProject;
			attributes = {
				BuildIndependentTargetsInParallel = 1;
				LastUpgradeCheck = 1630;
				TargetAttributes = {
					5352C76C2DCBCB390022B105 = {
						CreatedOnToolsVersion = 16.3;
						LastSwiftMigration = 1640;
					};
				};
			};
			buildConfigurationList = 5352C7682DCBCB390022B105 /* Build configuration list for PBXProject "AnalyticsAppObjC" */;
			developmentRegion = en;
			hasScannedForEncodings = 0;
			knownRegions = (
				en,
				Base,
			);
			mainGroup = 5352C7642DCBCB390022B105;
			minimizedProjectReferenceProxies = 1;
			preferredProjectObjectVersion = 77;
			productRefGroup = 5352C76E2DCBCB390022B105 /* Products */;
			projectDirPath = "";
			projectRoot = "";
			targets = (
				5352C76C2DCBCB390022B105 /* AnalyticsAppObjC */,
			);
		};
/* End PBXProject section */

/* Begin PBXResourcesBuildPhase section */
		5352C76B2DCBCB390022B105 /* Resources */ = {
			isa = PBXResourcesBuildPhase;
			buildActionMask = 2147483647;
			files = (
				5352C7B32DCBCBA10022B105 /* Assets.xcassets in Resources */,
				5352C7B42DCBCBA10022B105 /* Main.storyboard in Resources */,
				5352C7B52DCBCBA10022B105 /* LaunchScreen.storyboard in Resources */,
			);
			runOnlyForDeploymentPostprocessing = 0;
		};
/* End PBXResourcesBuildPhase section */

/* Begin PBXSourcesBuildPhase section */
		5352C7692DCBCB390022B105 /* Sources */ = {
			isa = PBXSourcesBuildPhase;
			buildActionMask = 2147483647;
			files = (
				53E01B812DE62BE300602AFD /* CustomLogger.m in Sources */,
				53E01BE02DE8C89200602AFD /* ObjCCompat.m in Sources */,
				8CBEA3402DF9B3580034B8E8 /* SetAnonymousIdPlugin.m in Sources */,
				535C9FDB2DFABF6700F6618A /* SetPushTokenPlugin.m in Sources */,
				5352C7AE2DCBCBA10022B105 /* main.m in Sources */,
				5352C7AF2DCBCBA10022B105 /* SceneDelegate.m in Sources */,
				53E01B7E2DE61B3200602AFD /* AnalyticsManager.m in Sources */,
				53E01B842DE62CD300602AFD /* CustomOptionPlugin.m in Sources */,
				5352C7B02DCBCBA10022B105 /* ViewController.m in Sources */,
				5352C7B12DCBCBA10022B105 /* AppDelegate.m in Sources */,
			);
			runOnlyForDeploymentPostprocessing = 0;
		};
/* End PBXSourcesBuildPhase section */

/* Begin PBXVariantGroup section */
		5352C7A52DCBCBA10022B105 /* LaunchScreen.storyboard */ = {
			isa = PBXVariantGroup;
			children = (
				5352C7A42DCBCBA10022B105 /* Base */,
			);
			name = LaunchScreen.storyboard;
			sourceTree = "<group>";
		};
		5352C7A82DCBCBA10022B105 /* Main.storyboard */ = {
			isa = PBXVariantGroup;
			children = (
				5352C7A72DCBCBA10022B105 /* Base */,
			);
			name = Main.storyboard;
			sourceTree = "<group>";
		};
/* End PBXVariantGroup section */

/* Begin XCBuildConfiguration section */
		5352C7862DCBCB3A0022B105 /* Debug */ = {
			isa = XCBuildConfiguration;
			buildSettings = {
				ASSETCATALOG_COMPILER_APPICON_NAME = AppIcon;
				ASSETCATALOG_COMPILER_GLOBAL_ACCENT_COLOR_NAME = AccentColor;
				CLANG_ENABLE_MODULES = YES;
				CODE_SIGN_STYLE = Automatic;
				CURRENT_PROJECT_VERSION = 1;
				DEVELOPMENT_TEAM = UCL2K3J73M;
				GENERATE_INFOPLIST_FILE = YES;
				INFOPLIST_FILE = AnalyticsAppObjC/Info.plist;
				INFOPLIST_KEY_UIApplicationSupportsIndirectInputEvents = YES;
				INFOPLIST_KEY_UILaunchStoryboardName = LaunchScreen;
				INFOPLIST_KEY_UIMainStoryboardFile = Main;
				INFOPLIST_KEY_UISupportedInterfaceOrientations_iPad = "UIInterfaceOrientationPortrait UIInterfaceOrientationPortraitUpsideDown UIInterfaceOrientationLandscapeLeft UIInterfaceOrientationLandscapeRight";
				INFOPLIST_KEY_UISupportedInterfaceOrientations_iPhone = "UIInterfaceOrientationPortrait UIInterfaceOrientationLandscapeLeft UIInterfaceOrientationLandscapeRight";
				IPHONEOS_DEPLOYMENT_TARGET = 15.0;
				LD_RUNPATH_SEARCH_PATHS = (
					"$(inherited)",
					"@executable_path/Frameworks",
				);
				MARKETING_VERSION = 1.0;
				PRODUCT_BUNDLE_IDENTIFIER = com.rudder.AnalyticsAppObjC;
				PRODUCT_NAME = "$(TARGET_NAME)";
				SWIFT_EMIT_LOC_STRINGS = YES;
				SWIFT_OPTIMIZATION_LEVEL = "-Onone";
				SWIFT_VERSION = 6.0;
				TARGETED_DEVICE_FAMILY = "1,2";
			};
			name = Debug;
		};
		5352C7872DCBCB3A0022B105 /* Release */ = {
			isa = XCBuildConfiguration;
			buildSettings = {
				ASSETCATALOG_COMPILER_APPICON_NAME = AppIcon;
				ASSETCATALOG_COMPILER_GLOBAL_ACCENT_COLOR_NAME = AccentColor;
				CLANG_ENABLE_MODULES = YES;
				CODE_SIGN_STYLE = Automatic;
				CURRENT_PROJECT_VERSION = 1;
				DEVELOPMENT_TEAM = UCL2K3J73M;
				GENERATE_INFOPLIST_FILE = YES;
				INFOPLIST_FILE = AnalyticsAppObjC/Info.plist;
				INFOPLIST_KEY_UIApplicationSupportsIndirectInputEvents = YES;
				INFOPLIST_KEY_UILaunchStoryboardName = LaunchScreen;
				INFOPLIST_KEY_UIMainStoryboardFile = Main;
				INFOPLIST_KEY_UISupportedInterfaceOrientations_iPad = "UIInterfaceOrientationPortrait UIInterfaceOrientationPortraitUpsideDown UIInterfaceOrientationLandscapeLeft UIInterfaceOrientationLandscapeRight";
				INFOPLIST_KEY_UISupportedInterfaceOrientations_iPhone = "UIInterfaceOrientationPortrait UIInterfaceOrientationLandscapeLeft UIInterfaceOrientationLandscapeRight";
				IPHONEOS_DEPLOYMENT_TARGET = 15.0;
				LD_RUNPATH_SEARCH_PATHS = (
					"$(inherited)",
					"@executable_path/Frameworks",
				);
				MARKETING_VERSION = 1.0;
				PRODUCT_BUNDLE_IDENTIFIER = com.rudder.AnalyticsAppObjC;
				PRODUCT_NAME = "$(TARGET_NAME)";
				SWIFT_EMIT_LOC_STRINGS = YES;
				SWIFT_VERSION = 6.0;
				TARGETED_DEVICE_FAMILY = "1,2";
			};
			name = Release;
		};
		5352C7882DCBCB3A0022B105 /* Debug */ = {
			isa = XCBuildConfiguration;
			buildSettings = {
				ALWAYS_SEARCH_USER_PATHS = NO;
				ASSETCATALOG_COMPILER_GENERATE_SWIFT_ASSET_SYMBOL_EXTENSIONS = YES;
				CLANG_ANALYZER_NONNULL = YES;
				CLANG_ANALYZER_NUMBER_OBJECT_CONVERSION = YES_AGGRESSIVE;
				CLANG_CXX_LANGUAGE_STANDARD = "gnu++20";
				CLANG_ENABLE_MODULES = YES;
				CLANG_ENABLE_OBJC_ARC = YES;
				CLANG_ENABLE_OBJC_WEAK = YES;
				CLANG_WARN_BLOCK_CAPTURE_AUTORELEASING = YES;
				CLANG_WARN_BOOL_CONVERSION = YES;
				CLANG_WARN_COMMA = YES;
				CLANG_WARN_CONSTANT_CONVERSION = YES;
				CLANG_WARN_DEPRECATED_OBJC_IMPLEMENTATIONS = YES;
				CLANG_WARN_DIRECT_OBJC_ISA_USAGE = YES_ERROR;
				CLANG_WARN_DOCUMENTATION_COMMENTS = YES;
				CLANG_WARN_EMPTY_BODY = YES;
				CLANG_WARN_ENUM_CONVERSION = YES;
				CLANG_WARN_INFINITE_RECURSION = YES;
				CLANG_WARN_INT_CONVERSION = YES;
				CLANG_WARN_NON_LITERAL_NULL_CONVERSION = YES;
				CLANG_WARN_OBJC_IMPLICIT_RETAIN_SELF = YES;
				CLANG_WARN_OBJC_LITERAL_CONVERSION = YES;
				CLANG_WARN_OBJC_ROOT_CLASS = YES_ERROR;
				CLANG_WARN_QUOTED_INCLUDE_IN_FRAMEWORK_HEADER = YES;
				CLANG_WARN_RANGE_LOOP_ANALYSIS = YES;
				CLANG_WARN_STRICT_PROTOTYPES = YES;
				CLANG_WARN_SUSPICIOUS_MOVE = YES;
				CLANG_WARN_UNGUARDED_AVAILABILITY = YES_AGGRESSIVE;
				CLANG_WARN_UNREACHABLE_CODE = YES;
				CLANG_WARN__DUPLICATE_METHOD_MATCH = YES;
				COPY_PHASE_STRIP = NO;
				DEBUG_INFORMATION_FORMAT = dwarf;
				ENABLE_STRICT_OBJC_MSGSEND = YES;
				ENABLE_TESTABILITY = YES;
				ENABLE_USER_SCRIPT_SANDBOXING = YES;
				GCC_C_LANGUAGE_STANDARD = gnu17;
				GCC_DYNAMIC_NO_PIC = NO;
				GCC_NO_COMMON_BLOCKS = YES;
				GCC_OPTIMIZATION_LEVEL = 0;
				GCC_PREPROCESSOR_DEFINITIONS = (
					"DEBUG=1",
					"$(inherited)",
				);
				GCC_WARN_64_TO_32_BIT_CONVERSION = YES;
				GCC_WARN_ABOUT_RETURN_TYPE = YES_ERROR;
				GCC_WARN_UNDECLARED_SELECTOR = YES;
				GCC_WARN_UNINITIALIZED_AUTOS = YES_AGGRESSIVE;
				GCC_WARN_UNUSED_FUNCTION = YES;
				GCC_WARN_UNUSED_VARIABLE = YES;
				IPHONEOS_DEPLOYMENT_TARGET = 18.4;
				LOCALIZATION_PREFERS_STRING_CATALOGS = YES;
				MTL_ENABLE_DEBUG_INFO = INCLUDE_SOURCE;
				MTL_FAST_MATH = YES;
				ONLY_ACTIVE_ARCH = YES;
				SDKROOT = iphoneos;
			};
			name = Debug;
		};
		5352C7892DCBCB3A0022B105 /* Release */ = {
			isa = XCBuildConfiguration;
			buildSettings = {
				ALWAYS_SEARCH_USER_PATHS = NO;
				ASSETCATALOG_COMPILER_GENERATE_SWIFT_ASSET_SYMBOL_EXTENSIONS = YES;
				CLANG_ANALYZER_NONNULL = YES;
				CLANG_ANALYZER_NUMBER_OBJECT_CONVERSION = YES_AGGRESSIVE;
				CLANG_CXX_LANGUAGE_STANDARD = "gnu++20";
				CLANG_ENABLE_MODULES = YES;
				CLANG_ENABLE_OBJC_ARC = YES;
				CLANG_ENABLE_OBJC_WEAK = YES;
				CLANG_WARN_BLOCK_CAPTURE_AUTORELEASING = YES;
				CLANG_WARN_BOOL_CONVERSION = YES;
				CLANG_WARN_COMMA = YES;
				CLANG_WARN_CONSTANT_CONVERSION = YES;
				CLANG_WARN_DEPRECATED_OBJC_IMPLEMENTATIONS = YES;
				CLANG_WARN_DIRECT_OBJC_ISA_USAGE = YES_ERROR;
				CLANG_WARN_DOCUMENTATION_COMMENTS = YES;
				CLANG_WARN_EMPTY_BODY = YES;
				CLANG_WARN_ENUM_CONVERSION = YES;
				CLANG_WARN_INFINITE_RECURSION = YES;
				CLANG_WARN_INT_CONVERSION = YES;
				CLANG_WARN_NON_LITERAL_NULL_CONVERSION = YES;
				CLANG_WARN_OBJC_IMPLICIT_RETAIN_SELF = YES;
				CLANG_WARN_OBJC_LITERAL_CONVERSION = YES;
				CLANG_WARN_OBJC_ROOT_CLASS = YES_ERROR;
				CLANG_WARN_QUOTED_INCLUDE_IN_FRAMEWORK_HEADER = YES;
				CLANG_WARN_RANGE_LOOP_ANALYSIS = YES;
				CLANG_WARN_STRICT_PROTOTYPES = YES;
				CLANG_WARN_SUSPICIOUS_MOVE = YES;
				CLANG_WARN_UNGUARDED_AVAILABILITY = YES_AGGRESSIVE;
				CLANG_WARN_UNREACHABLE_CODE = YES;
				CLANG_WARN__DUPLICATE_METHOD_MATCH = YES;
				COPY_PHASE_STRIP = NO;
				DEBUG_INFORMATION_FORMAT = "dwarf-with-dsym";
				ENABLE_NS_ASSERTIONS = NO;
				ENABLE_STRICT_OBJC_MSGSEND = YES;
				ENABLE_USER_SCRIPT_SANDBOXING = YES;
				GCC_C_LANGUAGE_STANDARD = gnu17;
				GCC_NO_COMMON_BLOCKS = YES;
				GCC_WARN_64_TO_32_BIT_CONVERSION = YES;
				GCC_WARN_ABOUT_RETURN_TYPE = YES_ERROR;
				GCC_WARN_UNDECLARED_SELECTOR = YES;
				GCC_WARN_UNINITIALIZED_AUTOS = YES_AGGRESSIVE;
				GCC_WARN_UNUSED_FUNCTION = YES;
				GCC_WARN_UNUSED_VARIABLE = YES;
				IPHONEOS_DEPLOYMENT_TARGET = 18.4;
				LOCALIZATION_PREFERS_STRING_CATALOGS = YES;
				MTL_ENABLE_DEBUG_INFO = NO;
				MTL_FAST_MATH = YES;
				SDKROOT = iphoneos;
				VALIDATE_PRODUCT = YES;
			};
			name = Release;
		};
/* End XCBuildConfiguration section */

/* Begin XCConfigurationList section */
		5352C7682DCBCB390022B105 /* Build configuration list for PBXProject "AnalyticsAppObjC" */ = {
			isa = XCConfigurationList;
			buildConfigurations = (
				5352C7882DCBCB3A0022B105 /* Debug */,
				5352C7892DCBCB3A0022B105 /* Release */,
			);
			defaultConfigurationIsVisible = 0;
			defaultConfigurationName = Release;
		};
		5352C7852DCBCB3A0022B105 /* Build configuration list for PBXNativeTarget "AnalyticsAppObjC" */ = {
			isa = XCConfigurationList;
			buildConfigurations = (
				5352C7862DCBCB3A0022B105 /* Debug */,
				5352C7872DCBCB3A0022B105 /* Release */,
			);
			defaultConfigurationIsVisible = 0;
			defaultConfigurationName = Release;
		};
/* End XCConfigurationList section */
	};
	rootObject = 5352C7652DCBCB390022B105 /* Project object */;
}
