// !$*UTF8*$!
{
	archiveVersion = 1;
	classes = {
	};
	objectVersion = 56;
	objects = {

/* Begin PBXBuildFile section */
		531E18952E041A740039885D /* Assets.xcassets in Resources */ = {isa = PBXBuildFile; fileRef = 531E188F2E041A740039885D /* Assets.xcassets */; };
		531E18962E041A740039885D /* Preview Assets.xcassets in Resources */ = {isa = PBXBuildFile; fileRef = 531E188B2E041A740039885D /* Preview Assets.xcassets */; };
		531E18972E041A740039885D /* SwiftUIAppApp.swift in Sources */ = {isa = PBXBuildFile; fileRef = 531E188E2E041A740039885D /* SwiftUIAppApp.swift */; };
		531E18982E041A740039885D /* AnalyticsManager.swift in Sources */ = {isa = PBXBuildFile; fileRef = 531E18882E041A740039885D /* AnalyticsManager.swift */; };
		531E18992E041A740039885D /* ContentView.swift in Sources */ = {isa = PBXBuildFile; fileRef = 531E18902E041A740039885D /* ContentView.swift */; };
		531E189A2E041A740039885D /* SetPushTokenPlugin.swift in Sources */ = {isa = PBXBuildFile; fileRef = 531E18862E041A740039885D /* SetPushTokenPlugin.swift */; };
		531E189B2E041A740039885D /* CustomLogger.swift in Sources */ = {isa = PBXBuildFile; fileRef = 531E18912E041A740039885D /* CustomLogger.swift */; };
		531E189C2E041A740039885D /* SetAnonymousIdPlugin.swift in Sources */ = {isa = PBXBuildFile; fileRef = 531E18852E041A740039885D /* SetAnonymousIdPlugin.swift */; };
		531E189D2E041A740039885D /* PermissionManager.swift in Sources */ = {isa = PBXBuildFile; fileRef = 531E18892E041A740039885D /* PermissionManager.swift */; };
		531E189E2E041A740039885D /* BluetoothInfoPlugin.swift in Sources */ = {isa = PBXBuildFile; fileRef = 531E18832E041A740039885D /* BluetoothInfoPlugin.swift */; };
		531E189F2E041A740039885D /* OptionPlugin.swift in Sources */ = {isa = PBXBuildFile; fileRef = 531E18842E041A740039885D /* OptionPlugin.swift */; };
		531E18A02E041A740039885D /* AdvertisingIdPlugin.swift in Sources */ = {isa = PBXBuildFile; fileRef = 531E18822E041A740039885D /* AdvertisingIdPlugin.swift */; };
		531E18A92E041A820039885D /* BluetoothInfoPluginTests.swift in Sources */ = {isa = PBXBuildFile; fileRef = 531E18A42E041A820039885D /* BluetoothInfoPluginTests.swift */; };
		531E18AA2E041A820039885D /* SwiftUIAppTests.swift in Sources */ = {isa = PBXBuildFile; fileRef = 531E18A22E041A820039885D /* SwiftUIAppTests.swift */; };
		531E18AB2E041A820039885D /* SetPushTokenPluginTests.swift in Sources */ = {isa = PBXBuildFile; fileRef = 531E18A72E041A820039885D /* SetPushTokenPluginTests.swift */; };
		531E18AC2E041A820039885D /* OptionPluginTests.swift in Sources */ = {isa = PBXBuildFile; fileRef = 531E18A52E041A820039885D /* OptionPluginTests.swift */; };
		531E18AD2E041A820039885D /* AppTestingHelper.swift in Sources */ = {isa = PBXBuildFile; fileRef = 531E18A32E041A820039885D /* AppTestingHelper.swift */; };
		531E18AE2E041A820039885D /* SetAnonymousIdPluginTests.swift in Sources */ = {isa = PBXBuildFile; fileRef = 531E18A62E041A820039885D /* SetAnonymousIdPluginTests.swift */; };
		531E18AF2E041A820039885D /* AdvertisingIdPluginTests.swift in Sources */ = {isa = PBXBuildFile; fileRef = 531E18A12E041A820039885D /* AdvertisingIdPluginTests.swift */; };
		53DEA72D2E03EBB900D6C371 /* RudderStackAnalytics.framework in Frameworks */ = {isa = PBXBuildFile; fileRef = 53DEA72C2E03EBB900D6C371 /* RudderStackAnalytics.framework */; };
		53DEA72E2E03EBB900D6C371 /* RudderStackAnalytics.framework in Embed Frameworks */ = {isa = PBXBuildFile; fileRef = 53DEA72C2E03EBB900D6C371 /* RudderStackAnalytics.framework */; settings = {ATTRIBUTES = (CodeSignOnCopy, RemoveHeadersOnCopy, ); }; };
/* End PBXBuildFile section */

/* Begin PBXContainerItemProxy section */
		5383D2D22D3EAC0C00291B00 /* PBXContainerItemProxy */ = {
			isa = PBXContainerItemProxy;
			containerPortal = 5351AA712C6BE9DE003C3C47 /* Project object */;
			proxyType = 1;
			remoteGlobalIDString = 5351AA782C6BE9DE003C3C47;
			remoteInfo = AnalyticsApp;
		};
/* End PBXContainerItemProxy section */

/* Begin PBXCopyFilesBuildPhase section */
		53DEA72F2E03EBB900D6C371 /* Embed Frameworks */ = {
			isa = PBXCopyFilesBuildPhase;
			buildActionMask = 2147483647;
			dstPath = "";
			dstSubfolderSpec = 10;
			files = (
				53DEA72E2E03EBB900D6C371 /* RudderStackAnalytics.framework in Embed Frameworks */,
			);
			name = "Embed Frameworks";
			runOnlyForDeploymentPostprocessing = 0;
		};
/* End PBXCopyFilesBuildPhase section */

/* Begin PBXFileReference section */
		531E18822E041A740039885D /* AdvertisingIdPlugin.swift */ = {isa = PBXFileReference; lastKnownFileType = sourcecode.swift; path = AdvertisingIdPlugin.swift; sourceTree = "<group>"; };
		531E18832E041A740039885D /* BluetoothInfoPlugin.swift */ = {isa = PBXFileReference; lastKnownFileType = sourcecode.swift; path = BluetoothInfoPlugin.swift; sourceTree = "<group>"; };
		531E18842E041A740039885D /* OptionPlugin.swift */ = {isa = PBXFileReference; lastKnownFileType = sourcecode.swift; path = OptionPlugin.swift; sourceTree = "<group>"; };
		531E18852E041A740039885D /* SetAnonymousIdPlugin.swift */ = {isa = PBXFileReference; lastKnownFileType = sourcecode.swift; path = SetAnonymousIdPlugin.swift; sourceTree = "<group>"; };
		531E18862E041A740039885D /* SetPushTokenPlugin.swift */ = {isa = PBXFileReference; lastKnownFileType = sourcecode.swift; path = SetPushTokenPlugin.swift; sourceTree = "<group>"; };
		531E18882E041A740039885D /* AnalyticsManager.swift */ = {isa = PBXFileReference; lastKnownFileType = sourcecode.swift; path = AnalyticsManager.swift; sourceTree = "<group>"; };
		531E18892E041A740039885D /* PermissionManager.swift */ = {isa = PBXFileReference; lastKnownFileType = sourcecode.swift; path = PermissionManager.swift; sourceTree = "<group>"; };
		531E188B2E041A740039885D /* Preview Assets.xcassets */ = {isa = PBXFileReference; lastKnownFileType = folder.assetcatalog; path = "Preview Assets.xcassets"; sourceTree = "<group>"; };
		531E188E2E041A740039885D /* SwiftUIAppApp.swift */ = {isa = PBXFileReference; lastKnownFileType = sourcecode.swift; path = SwiftUIAppApp.swift; sourceTree = "<group>"; };
		531E188F2E041A740039885D /* Assets.xcassets */ = {isa = PBXFileReference; lastKnownFileType = folder.assetcatalog; path = Assets.xcassets; sourceTree = "<group>"; };
		531E18902E041A740039885D /* ContentView.swift */ = {isa = PBXFileReference; lastKnownFileType = sourcecode.swift; path = ContentView.swift; sourceTree = "<group>"; };
		531E18912E041A740039885D /* CustomLogger.swift */ = {isa = PBXFileReference; lastKnownFileType = sourcecode.swift; path = CustomLogger.swift; sourceTree = "<group>"; };
		531E18922E041A740039885D /* Info.plist */ = {isa = PBXFileReference; lastKnownFileType = text.plist.xml; path = Info.plist; sourceTree = "<group>"; };
		531E18A12E041A820039885D /* AdvertisingIdPluginTests.swift */ = {isa = PBXFileReference; lastKnownFileType = sourcecode.swift; path = AdvertisingIdPluginTests.swift; sourceTree = "<group>"; };
		531E18A22E041A820039885D /* SwiftUIAppTests.swift */ = {isa = PBXFileReference; lastKnownFileType = sourcecode.swift; path = SwiftUIAppTests.swift; sourceTree = "<group>"; };
		531E18A32E041A820039885D /* AppTestingHelper.swift */ = {isa = PBXFileReference; lastKnownFileType = sourcecode.swift; path = AppTestingHelper.swift; sourceTree = "<group>"; };
		531E18A42E041A820039885D /* BluetoothInfoPluginTests.swift */ = {isa = PBXFileReference; lastKnownFileType = sourcecode.swift; path = BluetoothInfoPluginTests.swift; sourceTree = "<group>"; };
		531E18A52E041A820039885D /* OptionPluginTests.swift */ = {isa = PBXFileReference; lastKnownFileType = sourcecode.swift; path = OptionPluginTests.swift; sourceTree = "<group>"; };
		531E18A62E041A820039885D /* SetAnonymousIdPluginTests.swift */ = {isa = PBXFileReference; lastKnownFileType = sourcecode.swift; path = SetAnonymousIdPluginTests.swift; sourceTree = "<group>"; };
		531E18A72E041A820039885D /* SetPushTokenPluginTests.swift */ = {isa = PBXFileReference; lastKnownFileType = sourcecode.swift; path = SetPushTokenPluginTests.swift; sourceTree = "<group>"; };
		531E18D62E042E7A0039885D /* SwiftUIApp.entitlements */ = {isa = PBXFileReference; lastKnownFileType = text.plist.entitlements; path = SwiftUIApp.entitlements; sourceTree = "<group>"; };
		5351AA792C6BE9DE003C3C47 /* SwiftUIApp.app */ = {isa = PBXFileReference; explicitFileType = wrapper.application; includeInIndex = 0; path = SwiftUIApp.app; sourceTree = BUILT_PRODUCTS_DIR; };
		5383D2CE2D3EAC0C00291B00 /* SwiftUIAppTests.xctest */ = {isa = PBXFileReference; explicitFileType = wrapper.cfbundle; includeInIndex = 0; path = SwiftUIAppTests.xctest; sourceTree = BUILT_PRODUCTS_DIR; };
		53DEA72C2E03EBB900D6C371 /* RudderStackAnalytics.framework */ = {isa = PBXFileReference; explicitFileType = wrapper.framework; path = RudderStackAnalytics.framework; sourceTree = BUILT_PRODUCTS_DIR; };
/* End PBXFileReference section */

/* Begin PBXFrameworksBuildPhase section */
		5351AA762C6BE9DE003C3C47 /* Frameworks */ = {
			isa = PBXFrameworksBuildPhase;
			buildActionMask = 2147483647;
			files = (
				53DEA72D2E03EBB900D6C371 /* RudderStackAnalytics.framework in Frameworks */,
			);
			runOnlyForDeploymentPostprocessing = 0;
		};
		5383D2CB2D3EAC0C00291B00 /* Frameworks */ = {
			isa = PBXFrameworksBuildPhase;
			buildActionMask = 2147483647;
			files = (
			);
			runOnlyForDeploymentPostprocessing = 0;
		};
/* End PBXFrameworksBuildPhase section */

/* Begin PBXGroup section */
		531E18872E041A740039885D /* CustomPlugins */ = {
			isa = PBXGroup;
			children = (
				531E18822E041A740039885D /* AdvertisingIdPlugin.swift */,
				531E18832E041A740039885D /* BluetoothInfoPlugin.swift */,
				531E18842E041A740039885D /* OptionPlugin.swift */,
				531E18852E041A740039885D /* SetAnonymousIdPlugin.swift */,
				531E18862E041A740039885D /* SetPushTokenPlugin.swift */,
			);
			path = CustomPlugins;
			sourceTree = "<group>";
		};
		531E188A2E041A740039885D /* Managers */ = {
			isa = PBXGroup;
			children = (
				531E18882E041A740039885D /* AnalyticsManager.swift */,
				531E18892E041A740039885D /* PermissionManager.swift */,
			);
			path = Managers;
			sourceTree = "<group>";
		};
		531E188C2E041A740039885D /* Preview Content */ = {
			isa = PBXGroup;
			children = (
				531E188B2E041A740039885D /* Preview Assets.xcassets */,
			);
			path = "Preview Content";
			sourceTree = "<group>";
		};
		531E18932E041A740039885D /* SwiftUIApp */ = {
			isa = PBXGroup;
			children = (
				531E188E2E041A740039885D /* SwiftUIAppApp.swift */,
				531E18902E041A740039885D /* ContentView.swift */,
				531E18912E041A740039885D /* CustomLogger.swift */,
				531E18872E041A740039885D /* CustomPlugins */,
				531E188A2E041A740039885D /* Managers */,
				531E188C2E041A740039885D /* Preview Content */,
				531E18D62E042E7A0039885D /* SwiftUIApp.entitlements */,
				531E188F2E041A740039885D /* Assets.xcassets */,
				531E18922E041A740039885D /* Info.plist */,
			);
			path = SwiftUIApp;
			sourceTree = "<group>";
		};
		531E18A82E041A820039885D /* SwiftUIAppTests */ = {
			isa = PBXGroup;
			children = (
				531E18A12E041A820039885D /* AdvertisingIdPluginTests.swift */,
				531E18A22E041A820039885D /* SwiftUIAppTests.swift */,
				531E18A32E041A820039885D /* AppTestingHelper.swift */,
				531E18A42E041A820039885D /* BluetoothInfoPluginTests.swift */,
				531E18A52E041A820039885D /* OptionPluginTests.swift */,
				531E18A62E041A820039885D /* SetAnonymousIdPluginTests.swift */,
				531E18A72E041A820039885D /* SetPushTokenPluginTests.swift */,
			);
			path = SwiftUIAppTests;
			sourceTree = "<group>";
		};
		5351AA702C6BE9DE003C3C47 = {
			isa = PBXGroup;
			children = (
				531E18932E041A740039885D /* SwiftUIApp */,
				531E18A82E041A820039885D /* SwiftUIAppTests */,
				5351AA7A2C6BE9DE003C3C47 /* Products */,
				5351AA8A2C6BEA02003C3C47 /* Frameworks */,
			);
			sourceTree = "<group>";
		};
		5351AA7A2C6BE9DE003C3C47 /* Products */ = {
			isa = PBXGroup;
			children = (
				5351AA792C6BE9DE003C3C47 /* SwiftUIApp.app */,
				5383D2CE2D3EAC0C00291B00 /* SwiftUIAppTests.xctest */,
			);
			name = Products;
			sourceTree = "<group>";
		};
		5351AA8A2C6BEA02003C3C47 /* Frameworks */ = {
			isa = PBXGroup;
			children = (
				53DEA72C2E03EBB900D6C371 /* RudderStackAnalytics.framework */,
			);
			name = Frameworks;
			sourceTree = "<group>";
		};
/* End PBXGroup section */

/* Begin PBXNativeTarget section */
		5351AA782C6BE9DE003C3C47 /* SwiftUIApp */ = {
			isa = PBXNativeTarget;
			buildConfigurationList = 5351AA872C6BE9E0003C3C47 /* Build configuration list for PBXNativeTarget "SwiftUIApp" */;
			buildPhases = (
				5351AA752C6BE9DE003C3C47 /* Sources */,
				5351AA762C6BE9DE003C3C47 /* Frameworks */,
				5351AA772C6BE9DE003C3C47 /* Resources */,
				53DEA72F2E03EBB900D6C371 /* Embed Frameworks */,
			);
			buildRules = (
			);
			dependencies = (
			);
			name = SwiftUIApp;
			productName = AnalyticsApp;
			productReference = 5351AA792C6BE9DE003C3C47 /* SwiftUIApp.app */;
			productType = "com.apple.product-type.application";
		};
		5383D2CD2D3EAC0C00291B00 /* SwiftUIAppTests */ = {
			isa = PBXNativeTarget;
			buildConfigurationList = 5383D2D42D3EAC0C00291B00 /* Build configuration list for PBXNativeTarget "SwiftUIAppTests" */;
			buildPhases = (
				5383D2CA2D3EAC0C00291B00 /* Sources */,
				5383D2CB2D3EAC0C00291B00 /* Frameworks */,
				5383D2CC2D3EAC0C00291B00 /* Resources */,
			);
			buildRules = (
			);
			dependencies = (
				5383D2D32D3EAC0C00291B00 /* PBXTargetDependency */,
			);
			name = SwiftUIAppTests;
			packageProductDependencies = (
			);
			productName = AnalyticsAppTests;
			productReference = 5383D2CE2D3EAC0C00291B00 /* SwiftUIAppTests.xctest */;
			productType = "com.apple.product-type.bundle.unit-test";
		};
/* End PBXNativeTarget section */

/* Begin PBXProject section */
		5351AA712C6BE9DE003C3C47 /* Project object */ = {
			isa = PBXProject;
			attributes = {
				BuildIndependentTargetsInParallel = 1;
				LastSwiftUpdateCheck = 1620;
				LastUpgradeCheck = 1540;
				TargetAttributes = {
					5351AA782C6BE9DE003C3C47 = {
						CreatedOnToolsVersion = 15.4;
					};
					5383D2CD2D3EAC0C00291B00 = {
						CreatedOnToolsVersion = 16.2;
						TestTargetID = 5351AA782C6BE9DE003C3C47;
					};
				};
			};
			buildConfigurationList = 5351AA742C6BE9DE003C3C47 /* Build configuration list for PBXProject "SwiftUIApp" */;
			compatibilityVersion = "Xcode 14.0";
			developmentRegion = en;
			hasScannedForEncodings = 0;
			knownRegions = (
				en,
				Base,
			);
			mainGroup = 5351AA702C6BE9DE003C3C47;
			productRefGroup = 5351AA7A2C6BE9DE003C3C47 /* Products */;
			projectDirPath = "";
			projectRoot = "";
			targets = (
				5351AA782C6BE9DE003C3C47 /* SwiftUIApp */,
				5383D2CD2D3EAC0C00291B00 /* SwiftUIAppTests */,
			);
		};
/* End PBXProject section */

/* Begin PBXResourcesBuildPhase section */
		5351AA772C6BE9DE003C3C47 /* Resources */ = {
			isa = PBXResourcesBuildPhase;
			buildActionMask = 2147483647;
			files = (
				531E18952E041A740039885D /* Assets.xcassets in Resources */,
				531E18962E041A740039885D /* Preview Assets.xcassets in Resources */,
			);
			runOnlyForDeploymentPostprocessing = 0;
		};
		5383D2CC2D3EAC0C00291B00 /* Resources */ = {
			isa = PBXResourcesBuildPhase;
			buildActionMask = 2147483647;
			files = (
			);
			runOnlyForDeploymentPostprocessing = 0;
		};
/* End PBXResourcesBuildPhase section */

/* Begin PBXSourcesBuildPhase section */
		5351AA752C6BE9DE003C3C47 /* Sources */ = {
			isa = PBXSourcesBuildPhase;
			buildActionMask = 2147483647;
			files = (
				531E18972E041A740039885D /* SwiftUIAppApp.swift in Sources */,
				531E18982E041A740039885D /* AnalyticsManager.swift in Sources */,
				531E18992E041A740039885D /* ContentView.swift in Sources */,
				531E189A2E041A740039885D /* SetPushTokenPlugin.swift in Sources */,
				531E189B2E041A740039885D /* CustomLogger.swift in Sources */,
				531E189C2E041A740039885D /* SetAnonymousIdPlugin.swift in Sources */,
				531E189D2E041A740039885D /* PermissionManager.swift in Sources */,
				531E189E2E041A740039885D /* BluetoothInfoPlugin.swift in Sources */,
				531E189F2E041A740039885D /* OptionPlugin.swift in Sources */,
				531E18A02E041A740039885D /* AdvertisingIdPlugin.swift in Sources */,
			);
			runOnlyForDeploymentPostprocessing = 0;
		};
		5383D2CA2D3EAC0C00291B00 /* Sources */ = {
			isa = PBXSourcesBuildPhase;
			buildActionMask = 2147483647;
			files = (
				531E18A92E041A820039885D /* BluetoothInfoPluginTests.swift in Sources */,
				531E18AA2E041A820039885D /* SwiftUIAppTests.swift in Sources */,
				531E18AB2E041A820039885D /* SetPushTokenPluginTests.swift in Sources */,
				531E18AC2E041A820039885D /* OptionPluginTests.swift in Sources */,
				531E18AD2E041A820039885D /* AppTestingHelper.swift in Sources */,
				531E18AE2E041A820039885D /* SetAnonymousIdPluginTests.swift in Sources */,
				531E18AF2E041A820039885D /* AdvertisingIdPluginTests.swift in Sources */,
			);
			runOnlyForDeploymentPostprocessing = 0;
		};
/* End PBXSourcesBuildPhase section */

/* Begin PBXTargetDependency section */
		5383D2D32D3EAC0C00291B00 /* PBXTargetDependency */ = {
			isa = PBXTargetDependency;
			target = 5351AA782C6BE9DE003C3C47 /* SwiftUIApp */;
			targetProxy = 5383D2D22D3EAC0C00291B00 /* PBXContainerItemProxy */;
		};
/* End PBXTargetDependency section */

/* Begin XCBuildConfiguration section */
		5351AA852C6BE9E0003C3C47 /* Debug */ = {
			isa = XCBuildConfiguration;
			buildSettings = {
				ALWAYS_SEARCH_USER_PATHS = NO;
				ASSETCATALOG_COMPILER_GENERATE_SWIFT_ASSET_SYMBOL_EXTENSIONS = YES;
				CLANG_ANALYZER_NONNULL = YES;
				CLANG_ANALYZER_NUMBER_OBJECT_CONVERSION = YES_AGGRESSIVE;
				CLANG_CXX_LANGUAGE_STANDARD = "gnu++20";
				CLANG_ENABLE_MODULES = YES;
				CLANG_ENABLE_OBJC_ARC = YES;
				CLANG_ENABLE_OBJC_WEAK = YES;
				CLANG_WARN_BLOCK_CAPTURE_AUTORELEASING = YES;
				CLANG_WARN_BOOL_CONVERSION = YES;
				CLANG_WARN_COMMA = YES;
				CLANG_WARN_CONSTANT_CONVERSION = YES;
				CLANG_WARN_DEPRECATED_OBJC_IMPLEMENTATIONS = YES;
				CLANG_WARN_DIRECT_OBJC_ISA_USAGE = YES_ERROR;
				CLANG_WARN_DOCUMENTATION_COMMENTS = YES;
				CLANG_WARN_EMPTY_BODY = YES;
				CLANG_WARN_ENUM_CONVERSION = YES;
				CLANG_WARN_INFINITE_RECURSION = YES;
				CLANG_WARN_INT_CONVERSION = YES;
				CLANG_WARN_NON_LITERAL_NULL_CONVERSION = YES;
				CLANG_WARN_OBJC_IMPLICIT_RETAIN_SELF = YES;
				CLANG_WARN_OBJC_LITERAL_CONVERSION = YES;
				CLANG_WARN_OBJC_ROOT_CLASS = YES_ERROR;
				CLANG_WARN_QUOTED_INCLUDE_IN_FRAMEWORK_HEADER = YES;
				CLANG_WARN_RANGE_LOOP_ANALYSIS = YES;
				CLANG_WARN_STRICT_PROTOTYPES = YES;
				CLANG_WARN_SUSPICIOUS_MOVE = YES;
				CLANG_WARN_UNGUARDED_AVAILABILITY = YES_AGGRESSIVE;
				CLANG_WARN_UNREACHABLE_CODE = YES;
				CLANG_WARN__DUPLICATE_METHOD_MATCH = YES;
				COPY_PHASE_STRIP = NO;
				DEBUG_INFORMATION_FORMAT = dwarf;
				ENABLE_STRICT_OBJC_MSGSEND = YES;
				ENABLE_TESTABILITY = YES;
				ENABLE_USER_SCRIPT_SANDBOXING = YES;
				GCC_C_LANGUAGE_STANDARD = gnu17;
				GCC_DYNAMIC_NO_PIC = NO;
				GCC_NO_COMMON_BLOCKS = YES;
				GCC_OPTIMIZATION_LEVEL = 0;
				GCC_PREPROCESSOR_DEFINITIONS = (
					"DEBUG=1",
					"$(inherited)",
				);
				GCC_WARN_64_TO_32_BIT_CONVERSION = YES;
				GCC_WARN_ABOUT_RETURN_TYPE = YES_ERROR;
				GCC_WARN_UNDECLARED_SELECTOR = YES;
				GCC_WARN_UNINITIALIZED_AUTOS = YES_AGGRESSIVE;
				GCC_WARN_UNUSED_FUNCTION = YES;
				GCC_WARN_UNUSED_VARIABLE = YES;
				IPHONEOS_DEPLOYMENT_TARGET = 17.5;
				LOCALIZATION_PREFERS_STRING_CATALOGS = YES;
				MTL_ENABLE_DEBUG_INFO = INCLUDE_SOURCE;
				MTL_FAST_MATH = YES;
				ONLY_ACTIVE_ARCH = YES;
				SDKROOT = iphoneos;
				SWIFT_ACTIVE_COMPILATION_CONDITIONS = "DEBUG $(inherited)";
				SWIFT_OPTIMIZATION_LEVEL = "-Onone";
			};
			name = Debug;
		};
		5351AA862C6BE9E0003C3C47 /* Release */ = {
			isa = XCBuildConfiguration;
			buildSettings = {
				ALWAYS_SEARCH_USER_PATHS = NO;
				ASSETCATALOG_COMPILER_GENERATE_SWIFT_ASSET_SYMBOL_EXTENSIONS = YES;
				CLANG_ANALYZER_NONNULL = YES;
				CLANG_ANALYZER_NUMBER_OBJECT_CONVERSION = YES_AGGRESSIVE;
				CLANG_CXX_LANGUAGE_STANDARD = "gnu++20";
				CLANG_ENABLE_MODULES = YES;
				CLANG_ENABLE_OBJC_ARC = YES;
				CLANG_ENABLE_OBJC_WEAK = YES;
				CLANG_WARN_BLOCK_CAPTURE_AUTORELEASING = YES;
				CLANG_WARN_BOOL_CONVERSION = YES;
				CLANG_WARN_COMMA = YES;
				CLANG_WARN_CONSTANT_CONVERSION = YES;
				CLANG_WARN_DEPRECATED_OBJC_IMPLEMENTATIONS = YES;
				CLANG_WARN_DIRECT_OBJC_ISA_USAGE = YES_ERROR;
				CLANG_WARN_DOCUMENTATION_COMMENTS = YES;
				CLANG_WARN_EMPTY_BODY = YES;
				CLANG_WARN_ENUM_CONVERSION = YES;
				CLANG_WARN_INFINITE_RECURSION = YES;
				CLANG_WARN_INT_CONVERSION = YES;
				CLANG_WARN_NON_LITERAL_NULL_CONVERSION = YES;
				CLANG_WARN_OBJC_IMPLICIT_RETAIN_SELF = YES;
				CLANG_WARN_OBJC_LITERAL_CONVERSION = YES;
				CLANG_WARN_OBJC_ROOT_CLASS = YES_ERROR;
				CLANG_WARN_QUOTED_INCLUDE_IN_FRAMEWORK_HEADER = YES;
				CLANG_WARN_RANGE_LOOP_ANALYSIS = YES;
				CLANG_WARN_STRICT_PROTOTYPES = YES;
				CLANG_WARN_SUSPICIOUS_MOVE = YES;
				CLANG_WARN_UNGUARDED_AVAILABILITY = YES_AGGRESSIVE;
				CLANG_WARN_UNREACHABLE_CODE = YES;
				CLANG_WARN__DUPLICATE_METHOD_MATCH = YES;
				COPY_PHASE_STRIP = NO;
				DEBUG_INFORMATION_FORMAT = "dwarf-with-dsym";
				ENABLE_NS_ASSERTIONS = NO;
				ENABLE_STRICT_OBJC_MSGSEND = YES;
				ENABLE_USER_SCRIPT_SANDBOXING = YES;
				GCC_C_LANGUAGE_STANDARD = gnu17;
				GCC_NO_COMMON_BLOCKS = YES;
				GCC_WARN_64_TO_32_BIT_CONVERSION = YES;
				GCC_WARN_ABOUT_RETURN_TYPE = YES_ERROR;
				GCC_WARN_UNDECLARED_SELECTOR = YES;
				GCC_WARN_UNINITIALIZED_AUTOS = YES_AGGRESSIVE;
				GCC_WARN_UNUSED_FUNCTION = YES;
				GCC_WARN_UNUSED_VARIABLE = YES;
				IPHONEOS_DEPLOYMENT_TARGET = 17.5;
				LOCALIZATION_PREFERS_STRING_CATALOGS = YES;
				MTL_ENABLE_DEBUG_INFO = NO;
				MTL_FAST_MATH = YES;
				SDKROOT = iphoneos;
				SWIFT_COMPILATION_MODE = wholemodule;
				VALIDATE_PRODUCT = YES;
			};
			name = Release;
		};
		5351AA882C6BE9E0003C3C47 /* Debug */ = {
			isa = XCBuildConfiguration;
			buildSettings = {
				ASSETCATALOG_COMPILER_APPICON_NAME = AppIcon;
				ASSETCATALOG_COMPILER_GLOBAL_ACCENT_COLOR_NAME = AccentColor;
				CODE_SIGN_ENTITLEMENTS = SwiftUIApp/SwiftUIApp.entitlements;
				CODE_SIGN_STYLE = Automatic;
				CURRENT_PROJECT_VERSION = 1;
				DEVELOPMENT_ASSET_PATHS = "\"SwiftUIApp/Preview Content\"";
				DEVELOPMENT_TEAM = UCL2K3J73M;
				ENABLE_PREVIEWS = YES;
				GENERATE_INFOPLIST_FILE = YES;
				INFOPLIST_FILE = SwiftUIApp/Info.plist;
				INFOPLIST_KEY_NSBluetoothAlwaysUsageDescription = "This app needs Bluetooth access to enhance your experience.";
				INFOPLIST_KEY_NSUserTrackingUsageDescription = "This app needs Tracking access to improve your experience.";
				INFOPLIST_KEY_UIApplicationSceneManifest_Generation = YES;
				INFOPLIST_KEY_UIApplicationSupportsIndirectInputEvents = YES;
				INFOPLIST_KEY_UILaunchScreen_Generation = YES;
				INFOPLIST_KEY_UISupportedInterfaceOrientations_iPad = "UIInterfaceOrientationPortrait UIInterfaceOrientationPortraitUpsideDown UIInterfaceOrientationLandscapeLeft UIInterfaceOrientationLandscapeRight";
				INFOPLIST_KEY_UISupportedInterfaceOrientations_iPhone = "UIInterfaceOrientationPortrait UIInterfaceOrientationLandscapeLeft UIInterfaceOrientationLandscapeRight";
				IPHONEOS_DEPLOYMENT_TARGET = 15.0;
				LD_RUNPATH_SEARCH_PATHS = (
					"$(inherited)",
					"@executable_path/Frameworks",
				);
				MARKETING_VERSION = 1.0;
				PRODUCT_BUNDLE_IDENTIFIER = com.rudder.swiftuiapp;
				PRODUCT_NAME = "$(TARGET_NAME)";
				SUPPORTED_PLATFORMS = "iphoneos iphonesimulator";
				SUPPORTS_MACCATALYST = NO;
				SUPPORTS_XR_DESIGNED_FOR_IPHONE_IPAD = NO;
				SWIFT_EMIT_LOC_STRINGS = YES;
				SWIFT_VERSION = 5.0;
				TARGETED_DEVICE_FAMILY = "1,2";
			};
			name = Debug;
		};
		5351AA892C6BE9E0003C3C47 /* Release */ = {
			isa = XCBuildConfiguration;
			buildSettings = {
				ASSETCATALOG_COMPILER_APPICON_NAME = AppIcon;
				ASSETCATALOG_COMPILER_GLOBAL_ACCENT_COLOR_NAME = AccentColor;
				CODE_SIGN_ENTITLEMENTS = SwiftUIApp/SwiftUIApp.entitlements;
				CODE_SIGN_STYLE = Automatic;
				CURRENT_PROJECT_VERSION = 1;
				DEVELOPMENT_ASSET_PATHS = "\"SwiftUIApp/Preview Content\"";
				DEVELOPMENT_TEAM = UCL2K3J73M;
				ENABLE_PREVIEWS = YES;
				GENERATE_INFOPLIST_FILE = YES;
				INFOPLIST_FILE = SwiftUIApp/Info.plist;
				INFOPLIST_KEY_NSBluetoothAlwaysUsageDescription = "This app needs Bluetooth access to enhance your experience.";
				INFOPLIST_KEY_NSUserTrackingUsageDescription = "This app needs Tracking access to improve your experience.";
				INFOPLIST_KEY_UIApplicationSceneManifest_Generation = YES;
				INFOPLIST_KEY_UIApplicationSupportsIndirectInputEvents = YES;
				INFOPLIST_KEY_UILaunchScreen_Generation = YES;
				INFOPLIST_KEY_UISupportedInterfaceOrientations_iPad = "UIInterfaceOrientationPortrait UIInterfaceOrientationPortraitUpsideDown UIInterfaceOrientationLandscapeLeft UIInterfaceOrientationLandscapeRight";
				INFOPLIST_KEY_UISupportedInterfaceOrientations_iPhone = "UIInterfaceOrientationPortrait UIInterfaceOrientationLandscapeLeft UIInterfaceOrientationLandscapeRight";
				IPHONEOS_DEPLOYMENT_TARGET = 15.0;
				LD_RUNPATH_SEARCH_PATHS = (
					"$(inherited)",
					"@executable_path/Frameworks",
				);
				MARKETING_VERSION = 1.0;
				PRODUCT_BUNDLE_IDENTIFIER = com.rudder.swiftuiapp;
				PRODUCT_NAME = "$(TARGET_NAME)";
				SUPPORTED_PLATFORMS = "iphoneos iphonesimulator";
				SUPPORTS_MACCATALYST = NO;
				SUPPORTS_XR_DESIGNED_FOR_IPHONE_IPAD = NO;
				SWIFT_EMIT_LOC_STRINGS = YES;
				SWIFT_VERSION = 5.0;
				TARGETED_DEVICE_FAMILY = "1,2";
			};
			name = Release;
		};
		5383D2D52D3EAC0C00291B00 /* Debug */ = {
			isa = XCBuildConfiguration;
			buildSettings = {
				BUNDLE_LOADER = "$(TEST_HOST)";
				CODE_SIGN_STYLE = Automatic;
				CURRENT_PROJECT_VERSION = 1;
				GENERATE_INFOPLIST_FILE = YES;
				IPHONEOS_DEPLOYMENT_TARGET = 15.0;
				MACOSX_DEPLOYMENT_TARGET = 12.0;
				MARKETING_VERSION = 1.0;
				PRODUCT_BUNDLE_IDENTIFIER = com.rudder.swiftuiapptests;
				PRODUCT_NAME = "$(TARGET_NAME)";
				SDKROOT = auto;
				SUPPORTED_PLATFORMS = "iphoneos iphonesimulator macosx";
				SUPPORTS_MACCATALYST = NO;
				SWIFT_EMIT_LOC_STRINGS = NO;
				SWIFT_VERSION = 5.0;
				TARGETED_DEVICE_FAMILY = "1,2";
				TEST_HOST = "$(BUILT_PRODUCTS_DIR)/SwiftUIApp.app/$(BUNDLE_EXECUTABLE_FOLDER_PATH)/SwiftUIApp";
				XROS_DEPLOYMENT_TARGET = 2.2;
			};
			name = Debug;
		};
		5383D2D62D3EAC0C00291B00 /* Release */ = {
			isa = XCBuildConfiguration;
			buildSettings = {
				BUNDLE_LOADER = "$(TEST_HOST)";
				CODE_SIGN_STYLE = Automatic;
				CURRENT_PROJECT_VERSION = 1;
				GENERATE_INFOPLIST_FILE = YES;
				IPHONEOS_DEPLOYMENT_TARGET = 15.0;
				MACOSX_DEPLOYMENT_TARGET = 12.0;
				MARKETING_VERSION = 1.0;
				PRODUCT_BUNDLE_IDENTIFIER = com.rudder.swiftuiapptests;
				PRODUCT_NAME = "$(TARGET_NAME)";
				SDKROOT = auto;
				SUPPORTED_PLATFORMS = "iphoneos iphonesimulator macosx";
				SUPPORTS_MACCATALYST = NO;
				SWIFT_EMIT_LOC_STRINGS = NO;
				SWIFT_VERSION = 5.0;
				TARGETED_DEVICE_FAMILY = "1,2";
				TEST_HOST = "$(BUILT_PRODUCTS_DIR)/SwiftUIApp.app/$(BUNDLE_EXECUTABLE_FOLDER_PATH)/SwiftUIApp";
				XROS_DEPLOYMENT_TARGET = 2.2;
			};
			name = Release;
		};
/* End XCBuildConfiguration section */

/* Begin XCConfigurationList section */
		5351AA742C6BE9DE003C3C47 /* Build configuration list for PBXProject "SwiftUIApp" */ = {
			isa = XCConfigurationList;
			buildConfigurations = (
				5351AA852C6BE9E0003C3C47 /* Debug */,
				5351AA862C6BE9E0003C3C47 /* Release */,
			);
			defaultConfigurationIsVisible = 0;
			defaultConfigurationName = Release;
		};
		5351AA872C6BE9E0003C3C47 /* Build configuration list for PBXNativeTarget "SwiftUIApp" */ = {
			isa = XCConfigurationList;
			buildConfigurations = (
				5351AA882C6BE9E0003C3C47 /* Debug */,
				5351AA892C6BE9E0003C3C47 /* Release */,
			);
			defaultConfigurationIsVisible = 0;
			defaultConfigurationName = Release;
		};
		5383D2D42D3EAC0C00291B00 /* Build configuration list for PBXNativeTarget "SwiftUIAppTests" */ = {
			isa = XCConfigurationList;
			buildConfigurations = (
				5383D2D52D3EAC0C00291B00 /* Debug */,
				5383D2D62D3EAC0C00291B00 /* Release */,
			);
			defaultConfigurationIsVisible = 0;
			defaultConfigurationName = Release;
		};
/* End XCConfigurationList section */
	};
	rootObject = 5351AA712C6BE9DE003C3C47 /* Project object */;
}
