// !$*UTF8*$!
{
	archiveVersion = 1;
	classes = {
	};
	objectVersion = 77;
	objects = {

/* Begin PBXBuildFile section */
		535BB51A2E04955400E1DAB0 /* Assets.xcassets in Resources */ = {isa = PBXBuildFile; fileRef = 535BB5172E04955400E1DAB0 /* Assets.xcassets */; };
		535BB51B2E04955400E1DAB0 /* ContentView.swift in Sources */ = {isa = PBXBuildFile; fileRef = 535BB5182E04955400E1DAB0 /* ContentView.swift */; };
		535BB51C2E04955400E1DAB0 /* watchOSExampleApp.swift in Sources */ = {isa = PBXBuildFile; fileRef = 535BB5162E04955400E1DAB0 /* watchOSExampleApp.swift */; };
		535BB5222E04956600E1DAB0 /* Assets.xcassets in Resources */ = {isa = PBXBuildFile; fileRef = 535BB51F2E04956600E1DAB0 /* Assets.xcassets */; };
		535BB5232E04956600E1DAB0 /* ContentView.swift in Sources */ = {isa = PBXBuildFile; fileRef = 535BB5202E04956600E1DAB0 /* ContentView.swift */; };
		535BB5242E04956600E1DAB0 /* watchOSExampleWatchKitApp.swift in Sources */ = {isa = PBXBuildFile; fileRef = 535BB51D2E04956600E1DAB0 /* watchOSExampleWatchKitApp.swift */; };
		535BB5252E04956600E1DAB0 /* AnalyticsManager.swift in Sources */ = {isa = PBXBuildFile; fileRef = 535BB51E2E04956600E1DAB0 /* AnalyticsManager.swift */; };
		53DEA73D2E03EBF300D6C371 /* RudderStackAnalytics.framework in Frameworks */ = {isa = PBXBuildFile; fileRef = 53DEA73C2E03EBF300D6C371 /* RudderStackAnalytics.framework */; };
		53DEA73E2E03EBF300D6C371 /* RudderStackAnalytics.framework in Embed Frameworks */ = {isa = PBXBuildFile; fileRef = 53DEA73C2E03EBF300D6C371 /* RudderStackAnalytics.framework */; settings = {ATTRIBUTES = (CodeSignOnCopy, RemoveHeadersOnCopy, ); }; };
		53DF2B862DEE0F7700FE2659 /* watchOSExampleWatchKitApp.app in Embed Watch Content */ = {isa = PBXBuildFile; fileRef = 53DF2B852DEE0F7700FE2659 /* watchOSExampleWatchKitApp.app */; settings = {ATTRIBUTES = (RemoveHeadersOnCopy, ); }; };
/* End PBXBuildFile section */

/* Begin PBXContainerItemProxy section */
		53DF2B872DEE0F7700FE2659 /* PBXContainerItemProxy */ = {
			isa = PBXContainerItemProxy;
			containerPortal = 53DF2B702DEE0F7600FE2659 /* Project object */;
			proxyType = 1;
			remoteGlobalIDString = 53DF2B842DEE0F7700FE2659;
			remoteInfo = "AnalyticsAppWatch Watch App";
		};
/* End PBXContainerItemProxy section */

/* Begin PBXCopyFilesBuildPhase section */
		53DEA73F2E03EBF400D6C371 /* Embed Frameworks */ = {
			isa = PBXCopyFilesBuildPhase;
			buildActionMask = 2147483647;
			dstPath = "";
			dstSubfolderSpec = 10;
			files = (
				53DEA73E2E03EBF300D6C371 /* RudderStackAnalytics.framework in Embed Frameworks */,
			);
			name = "Embed Frameworks";
			runOnlyForDeploymentPostprocessing = 0;
		};
		53DF2B952DEE0F7800FE2659 /* Embed Watch Content */ = {
			isa = PBXCopyFilesBuildPhase;
			buildActionMask = 2147483647;
			dstPath = "$(CONTENTS_FOLDER_PATH)/Watch";
			dstSubfolderSpec = 16;
			files = (
				53DF2B862DEE0F7700FE2659 /* watchOSExampleWatchKitApp.app in Embed Watch Content */,
			);
			name = "Embed Watch Content";
			runOnlyForDeploymentPostprocessing = 0;
		};
/* End PBXCopyFilesBuildPhase section */

/* Begin PBXFileReference section */
		535BB5162E04955400E1DAB0 /* watchOSExampleApp.swift */ = {isa = PBXFileReference; lastKnownFileType = sourcecode.swift; path = watchOSExampleApp.swift; sourceTree = "<group>"; };
		535BB5172E04955400E1DAB0 /* Assets.xcassets */ = {isa = PBXFileReference; lastKnownFileType = folder.assetcatalog; path = Assets.xcassets; sourceTree = "<group>"; };
		535BB5182E04955400E1DAB0 /* ContentView.swift */ = {isa = PBXFileReference; lastKnownFileType = sourcecode.swift; path = ContentView.swift; sourceTree = "<group>"; };
		535BB51D2E04956600E1DAB0 /* watchOSExampleWatchKitApp.swift */ = {isa = PBXFileReference; lastKnownFileType = sourcecode.swift; path = watchOSExampleWatchKitApp.swift; sourceTree = "<group>"; };
		535BB51E2E04956600E1DAB0 /* AnalyticsManager.swift */ = {isa = PBXFileReference; lastKnownFileType = sourcecode.swift; path = AnalyticsManager.swift; sourceTree = "<group>"; };
		535BB51F2E04956600E1DAB0 /* Assets.xcassets */ = {isa = PBXFileReference; lastKnownFileType = folder.assetcatalog; path = Assets.xcassets; sourceTree = "<group>"; };
		535BB5202E04956600E1DAB0 /* ContentView.swift */ = {isa = PBXFileReference; lastKnownFileType = sourcecode.swift; path = ContentView.swift; sourceTree = "<group>"; };
		53DEA73C2E03EBF300D6C371 /* RudderStackAnalytics.framework */ = {isa = PBXFileReference; explicitFileType = wrapper.framework; path = RudderStackAnalytics.framework; sourceTree = BUILT_PRODUCTS_DIR; };
		53DF2B782DEE0F7600FE2659 /* watchOSExampleApp.app */ = {isa = PBXFileReference; explicitFileType = wrapper.application; includeInIndex = 0; path = watchOSExampleApp.app; sourceTree = BUILT_PRODUCTS_DIR; };
		53DF2B852DEE0F7700FE2659 /* watchOSExampleWatchKitApp.app */ = {isa = PBXFileReference; explicitFileType = wrapper.application; includeInIndex = 0; path = watchOSExampleWatchKitApp.app; sourceTree = BUILT_PRODUCTS_DIR; };
/* End PBXFileReference section */

/* Begin PBXFrameworksBuildPhase section */
		53DF2B752DEE0F7600FE2659 /* Frameworks */ = {
			isa = PBXFrameworksBuildPhase;
			buildActionMask = 2147483647;
			files = (
			);
			runOnlyForDeploymentPostprocessing = 0;
		};
		53DF2B822DEE0F7700FE2659 /* Frameworks */ = {
			isa = PBXFrameworksBuildPhase;
			buildActionMask = 2147483647;
			files = (
				53DEA73D2E03EBF300D6C371 /* RudderStackAnalytics.framework in Frameworks */,
			);
			runOnlyForDeploymentPostprocessing = 0;
		};
/* End PBXFrameworksBuildPhase section */

/* Begin PBXGroup section */
		535BB5192E04955400E1DAB0 /* watchOSExample */ = {
			isa = PBXGroup;
			children = (
				535BB5162E04955400E1DAB0 /* watchOSExampleApp.swift */,
				535BB5172E04955400E1DAB0 /* Assets.xcassets */,
				535BB5182E04955400E1DAB0 /* ContentView.swift */,
			);
			path = watchOSExample;
			sourceTree = "<group>";
		};
		535BB5212E04956600E1DAB0 /* watchOSExampleWatchKitApp */ = {
			isa = PBXGroup;
			children = (
				535BB51D2E04956600E1DAB0 /* watchOSExampleWatchKitApp.swift */,
				535BB51E2E04956600E1DAB0 /* AnalyticsManager.swift */,
				535BB51F2E04956600E1DAB0 /* Assets.xcassets */,
				535BB5202E04956600E1DAB0 /* ContentView.swift */,
			);
			path = watchOSExampleWatchKitApp;
			sourceTree = "<group>";
		};
		53DF2B6F2DEE0F7600FE2659 = {
			isa = PBXGroup;
			children = (
				535BB5192E04955400E1DAB0 /* watchOSExample */,
				535BB5212E04956600E1DAB0 /* watchOSExampleWatchKitApp */,
				53DF2BCC2DEE114600FE2659 /* Frameworks */,
				53DF2B792DEE0F7600FE2659 /* Products */,
			);
			sourceTree = "<group>";
		};
		53DF2B792DEE0F7600FE2659 /* Products */ = {
			isa = PBXGroup;
			children = (
				53DF2B782DEE0F7600FE2659 /* watchOSExampleApp.app */,
				53DF2B852DEE0F7700FE2659 /* watchOSExampleWatchKitApp.app */,
			);
			name = Products;
			sourceTree = "<group>";
		};
		53DF2BCC2DEE114600FE2659 /* Frameworks */ = {
			isa = PBXGroup;
			children = (
				53DEA73C2E03EBF300D6C371 /* RudderStackAnalytics.framework */,
			);
			name = Frameworks;
			sourceTree = "<group>";
		};
/* End PBXGroup section */

/* Begin PBXNativeTarget section */
		53DF2B772DEE0F7600FE2659 /* watchOSExampleApp */ = {
			isa = PBXNativeTarget;
			buildConfigurationList = 53DF2B962DEE0F7800FE2659 /* Build configuration list for PBXNativeTarget "watchOSExampleApp" */;
			buildPhases = (
				53DF2B742DEE0F7600FE2659 /* Sources */,
				53DF2B752DEE0F7600FE2659 /* Frameworks */,
				53DF2B762DEE0F7600FE2659 /* Resources */,
				53DF2B952DEE0F7800FE2659 /* Embed Watch Content */,
			);
			buildRules = (
			);
			dependencies = (
				53DF2B882DEE0F7700FE2659 /* PBXTargetDependency */,
			);
			name = watchOSExampleApp;
			packageProductDependencies = (
			);
			productName = AnalyticsAppWatch;
			productReference = 53DF2B782DEE0F7600FE2659 /* watchOSExampleApp.app */;
			productType = "com.apple.product-type.application";
		};
		53DF2B842DEE0F7700FE2659 /* watchOSExampleWatchKitApp */ = {
			isa = PBXNativeTarget;
			buildConfigurationList = 53DF2B922DEE0F7800FE2659 /* Build configuration list for PBXNativeTarget "watchOSExampleWatchKitApp" */;
			buildPhases = (
				53DF2B812DEE0F7700FE2659 /* Sources */,
				53DF2B822DEE0F7700FE2659 /* Frameworks */,
				53DF2B832DEE0F7700FE2659 /* Resources */,
				53DEA73F2E03EBF400D6C371 /* Embed Frameworks */,
			);
			buildRules = (
			);
			dependencies = (
			);
			name = watchOSExampleWatchKitApp;
			packageProductDependencies = (
			);
			productName = "AnalyticsAppWatch Watch App";
			productReference = 53DF2B852DEE0F7700FE2659 /* watchOSExampleWatchKitApp.app */;
			productType = "com.apple.product-type.application";
		};
/* End PBXNativeTarget section */

/* Begin PBXProject section */
		53DF2B702DEE0F7600FE2659 /* Project object */ = {
			isa = PBXProject;
			attributes = {
				BuildIndependentTargetsInParallel = 1;
				LastSwiftUpdateCheck = 1630;
				LastUpgradeCheck = 1630;
				TargetAttributes = {
					53DF2B772DEE0F7600FE2659 = {
						CreatedOnToolsVersion = 16.3;
					};
					53DF2B842DEE0F7700FE2659 = {
						CreatedOnToolsVersion = 16.3;
					};
				};
			};
			buildConfigurationList = 53DF2B732DEE0F7600FE2659 /* Build configuration list for PBXProject "watchOSExample" */;
			developmentRegion = en;
			hasScannedForEncodings = 0;
			knownRegions = (
				en,
				Base,
			);
			mainGroup = 53DF2B6F2DEE0F7600FE2659;
			minimizedProjectReferenceProxies = 1;
			preferredProjectObjectVersion = 77;
			productRefGroup = 53DF2B792DEE0F7600FE2659 /* Products */;
			projectDirPath = "";
			projectRoot = "";
			targets = (
				53DF2B772DEE0F7600FE2659 /* watchOSExampleApp */,
				53DF2B842DEE0F7700FE2659 /* watchOSExampleWatchKitApp */,
			);
		};
/* End PBXProject section */

/* Begin PBXResourcesBuildPhase section */
		53DF2B762DEE0F7600FE2659 /* Resources */ = {
			isa = PBXResourcesBuildPhase;
			buildActionMask = 2147483647;
			files = (
				535BB51A2E04955400E1DAB0 /* Assets.xcassets in Resources */,
			);
			runOnlyForDeploymentPostprocessing = 0;
		};
		53DF2B832DEE0F7700FE2659 /* Resources */ = {
			isa = PBXResourcesBuildPhase;
			buildActionMask = 2147483647;
			files = (
				535BB5222E04956600E1DAB0 /* Assets.xcassets in Resources */,
			);
			runOnlyForDeploymentPostprocessing = 0;
		};
/* End PBXResourcesBuildPhase section */

/* Begin PBXSourcesBuildPhase section */
		53DF2B742DEE0F7600FE2659 /* Sources */ = {
			isa = PBXSourcesBuildPhase;
			buildActionMask = 2147483647;
			files = (
				535BB51B2E04955400E1DAB0 /* ContentView.swift in Sources */,
				535BB51C2E04955400E1DAB0 /* watchOSExampleApp.swift in Sources */,
			);
			runOnlyForDeploymentPostprocessing = 0;
		};
		53DF2B812DEE0F7700FE2659 /* Sources */ = {
			isa = PBXSourcesBuildPhase;
			buildActionMask = 2147483647;
			files = (
				535BB5232E04956600E1DAB0 /* ContentView.swift in Sources */,
				535BB5242E04956600E1DAB0 /* watchOSExampleWatchKitApp.swift in Sources */,
				535BB5252E04956600E1DAB0 /* AnalyticsManager.swift in Sources */,
			);
			runOnlyForDeploymentPostprocessing = 0;
		};
/* End PBXSourcesBuildPhase section */

/* Begin PBXTargetDependency section */
		53DF2B882DEE0F7700FE2659 /* PBXTargetDependency */ = {
			isa = PBXTargetDependency;
			target = 53DF2B842DEE0F7700FE2659 /* watchOSExampleWatchKitApp */;
			targetProxy = 53DF2B872DEE0F7700FE2659 /* PBXContainerItemProxy */;
		};
/* End PBXTargetDependency section */

/* Begin XCBuildConfiguration section */
		53DF2B902DEE0F7800FE2659 /* Debug */ = {
			isa = XCBuildConfiguration;
			buildSettings = {
				ALWAYS_SEARCH_USER_PATHS = NO;
				ASSETCATALOG_COMPILER_GENERATE_SWIFT_ASSET_SYMBOL_EXTENSIONS = YES;
				CLANG_ANALYZER_NONNULL = YES;
				CLANG_ANALYZER_NUMBER_OBJECT_CONVERSION = YES_AGGRESSIVE;
				CLANG_CXX_LANGUAGE_STANDARD = "gnu++20";
				CLANG_ENABLE_MODULES = YES;
				CLANG_ENABLE_OBJC_ARC = YES;
				CLANG_ENABLE_OBJC_WEAK = YES;
				CLANG_WARN_BLOCK_CAPTURE_AUTORELEASING = YES;
				CLANG_WARN_BOOL_CONVERSION = YES;
				CLANG_WARN_COMMA = YES;
				CLANG_WARN_CONSTANT_CONVERSION = YES;
				CLANG_WARN_DEPRECATED_OBJC_IMPLEMENTATIONS = YES;
				CLANG_WARN_DIRECT_OBJC_ISA_USAGE = YES_ERROR;
				CLANG_WARN_DOCUMENTATION_COMMENTS = YES;
				CLANG_WARN_EMPTY_BODY = YES;
				CLANG_WARN_ENUM_CONVERSION = YES;
				CLANG_WARN_INFINITE_RECURSION = YES;
				CLANG_WARN_INT_CONVERSION = YES;
				CLANG_WARN_NON_LITERAL_NULL_CONVERSION = YES;
				CLANG_WARN_OBJC_IMPLICIT_RETAIN_SELF = YES;
				CLANG_WARN_OBJC_LITERAL_CONVERSION = YES;
				CLANG_WARN_OBJC_ROOT_CLASS = YES_ERROR;
				CLANG_WARN_QUOTED_INCLUDE_IN_FRAMEWORK_HEADER = YES;
				CLANG_WARN_RANGE_LOOP_ANALYSIS = YES;
				CLANG_WARN_STRICT_PROTOTYPES = YES;
				CLANG_WARN_SUSPICIOUS_MOVE = YES;
				CLANG_WARN_UNGUARDED_AVAILABILITY = YES_AGGRESSIVE;
				CLANG_WARN_UNREACHABLE_CODE = YES;
				CLANG_WARN__DUPLICATE_METHOD_MATCH = YES;
				COPY_PHASE_STRIP = NO;
				DEBUG_INFORMATION_FORMAT = dwarf;
				ENABLE_STRICT_OBJC_MSGSEND = YES;
				ENABLE_TESTABILITY = YES;
				ENABLE_USER_SCRIPT_SANDBOXING = YES;
				GCC_C_LANGUAGE_STANDARD = gnu17;
				GCC_DYNAMIC_NO_PIC = NO;
				GCC_NO_COMMON_BLOCKS = YES;
				GCC_OPTIMIZATION_LEVEL = 0;
				GCC_PREPROCESSOR_DEFINITIONS = (
					"DEBUG=1",
					"$(inherited)",
				);
				GCC_WARN_64_TO_32_BIT_CONVERSION = YES;
				GCC_WARN_ABOUT_RETURN_TYPE = YES_ERROR;
				GCC_WARN_UNDECLARED_SELECTOR = YES;
				GCC_WARN_UNINITIALIZED_AUTOS = YES_AGGRESSIVE;
				GCC_WARN_UNUSED_FUNCTION = YES;
				GCC_WARN_UNUSED_VARIABLE = YES;
				LOCALIZATION_PREFERS_STRING_CATALOGS = YES;
				MTL_ENABLE_DEBUG_INFO = INCLUDE_SOURCE;
				MTL_FAST_MATH = YES;
				ONLY_ACTIVE_ARCH = YES;
				SWIFT_ACTIVE_COMPILATION_CONDITIONS = "DEBUG $(inherited)";
				SWIFT_OPTIMIZATION_LEVEL = "-Onone";
			};
			name = Debug;
		};
		53DF2B912DEE0F7800FE2659 /* Release */ = {
			isa = XCBuildConfiguration;
			buildSettings = {
				ALWAYS_SEARCH_USER_PATHS = NO;
				ASSETCATALOG_COMPILER_GENERATE_SWIFT_ASSET_SYMBOL_EXTENSIONS = YES;
				CLANG_ANALYZER_NONNULL = YES;
				CLANG_ANALYZER_NUMBER_OBJECT_CONVERSION = YES_AGGRESSIVE;
				CLANG_CXX_LANGUAGE_STANDARD = "gnu++20";
				CLANG_ENABLE_MODULES = YES;
				CLANG_ENABLE_OBJC_ARC = YES;
				CLANG_ENABLE_OBJC_WEAK = YES;
				CLANG_WARN_BLOCK_CAPTURE_AUTORELEASING = YES;
				CLANG_WARN_BOOL_CONVERSION = YES;
				CLANG_WARN_COMMA = YES;
				CLANG_WARN_CONSTANT_CONVERSION = YES;
				CLANG_WARN_DEPRECATED_OBJC_IMPLEMENTATIONS = YES;
				CLANG_WARN_DIRECT_OBJC_ISA_USAGE = YES_ERROR;
				CLANG_WARN_DOCUMENTATION_COMMENTS = YES;
				CLANG_WARN_EMPTY_BODY = YES;
				CLANG_WARN_ENUM_CONVERSION = YES;
				CLANG_WARN_INFINITE_RECURSION = YES;
				CLANG_WARN_INT_CONVERSION = YES;
				CLANG_WARN_NON_LITERAL_NULL_CONVERSION = YES;
				CLANG_WARN_OBJC_IMPLICIT_RETAIN_SELF = YES;
				CLANG_WARN_OBJC_LITERAL_CONVERSION = YES;
				CLANG_WARN_OBJC_ROOT_CLASS = YES_ERROR;
				CLANG_WARN_QUOTED_INCLUDE_IN_FRAMEWORK_HEADER = YES;
				CLANG_WARN_RANGE_LOOP_ANALYSIS = YES;
				CLANG_WARN_STRICT_PROTOTYPES = YES;
				CLANG_WARN_SUSPICIOUS_MOVE = YES;
				CLANG_WARN_UNGUARDED_AVAILABILITY = YES_AGGRESSIVE;
				CLANG_WARN_UNREACHABLE_CODE = YES;
				CLANG_WARN__DUPLICATE_METHOD_MATCH = YES;
				COPY_PHASE_STRIP = NO;
				DEBUG_INFORMATION_FORMAT = "dwarf-with-dsym";
				ENABLE_NS_ASSERTIONS = NO;
				ENABLE_STRICT_OBJC_MSGSEND = YES;
				ENABLE_USER_SCRIPT_SANDBOXING = YES;
				GCC_C_LANGUAGE_STANDARD = gnu17;
				GCC_NO_COMMON_BLOCKS = YES;
				GCC_WARN_64_TO_32_BIT_CONVERSION = YES;
				GCC_WARN_ABOUT_RETURN_TYPE = YES_ERROR;
				GCC_WARN_UNDECLARED_SELECTOR = YES;
				GCC_WARN_UNINITIALIZED_AUTOS = YES_AGGRESSIVE;
				GCC_WARN_UNUSED_FUNCTION = YES;
				GCC_WARN_UNUSED_VARIABLE = YES;
				LOCALIZATION_PREFERS_STRING_CATALOGS = YES;
				MTL_ENABLE_DEBUG_INFO = NO;
				MTL_FAST_MATH = YES;
				SWIFT_COMPILATION_MODE = wholemodule;
			};
			name = Release;
		};
		53DF2B932DEE0F7800FE2659 /* Debug */ = {
			isa = XCBuildConfiguration;
			buildSettings = {
				ASSETCATALOG_COMPILER_APPICON_NAME = AppIcon;
				ASSETCATALOG_COMPILER_GLOBAL_ACCENT_COLOR_NAME = AccentColor;
				CODE_SIGN_STYLE = Automatic;
				CURRENT_PROJECT_VERSION = 1;
				DEVELOPMENT_TEAM = UCL2K3J73M;
				ENABLE_PREVIEWS = YES;
				GENERATE_INFOPLIST_FILE = YES;
				INFOPLIST_KEY_CFBundleDisplayName = watchOSExampleWatchKitApp;
				INFOPLIST_KEY_UISupportedInterfaceOrientations = "UIInterfaceOrientationPortrait UIInterfaceOrientationPortraitUpsideDown";
				INFOPLIST_KEY_WKCompanionAppBundleIdentifier = com.sk.AnalyticsAppWatch;
				LD_RUNPATH_SEARCH_PATHS = (
					"$(inherited)",
					"@executable_path/Frameworks",
				);
				MARKETING_VERSION = 1.0;
				PRODUCT_BUNDLE_IDENTIFIER = com.rudder.watchos.example.watchkitapp;
				PRODUCT_NAME = "$(TARGET_NAME)";
				SDKROOT = watchos;
				SKIP_INSTALL = YES;
				SWIFT_EMIT_LOC_STRINGS = YES;
				SWIFT_VERSION = 5.0;
				TARGETED_DEVICE_FAMILY = 4;
				WATCHOS_DEPLOYMENT_TARGET = 8.0;
			};
			name = Debug;
		};
		53DF2B942DEE0F7800FE2659 /* Release */ = {
			isa = XCBuildConfiguration;
			buildSettings = {
				ASSETCATALOG_COMPILER_APPICON_NAME = AppIcon;
				ASSETCATALOG_COMPILER_GLOBAL_ACCENT_COLOR_NAME = AccentColor;
				CODE_SIGN_STYLE = Automatic;
				CURRENT_PROJECT_VERSION = 1;
				DEVELOPMENT_TEAM = UCL2K3J73M;
				ENABLE_PREVIEWS = YES;
				GENERATE_INFOPLIST_FILE = YES;
				INFOPLIST_KEY_CFBundleDisplayName = watchOSExampleWatchKitApp;
				INFOPLIST_KEY_UISupportedInterfaceOrientations = "UIInterfaceOrientationPortrait UIInterfaceOrientationPortraitUpsideDown";
				INFOPLIST_KEY_WKCompanionAppBundleIdentifier = com.sk.AnalyticsAppWatch;
				LD_RUNPATH_SEARCH_PATHS = (
					"$(inherited)",
					"@executable_path/Frameworks",
				);
				MARKETING_VERSION = 1.0;
				PRODUCT_BUNDLE_IDENTIFIER = com.rudder.watchos.example.watchkitapp;
				PRODUCT_NAME = "$(TARGET_NAME)";
				SDKROOT = watchos;
				SKIP_INSTALL = YES;
				SWIFT_EMIT_LOC_STRINGS = YES;
				SWIFT_VERSION = 5.0;
				TARGETED_DEVICE_FAMILY = 4;
				VALIDATE_PRODUCT = YES;
				WATCHOS_DEPLOYMENT_TARGET = 8.0;
			};
			name = Release;
		};
		53DF2B972DEE0F7800FE2659 /* Debug */ = {
			isa = XCBuildConfiguration;
			buildSettings = {
				ASSETCATALOG_COMPILER_APPICON_NAME = AppIcon;
				ASSETCATALOG_COMPILER_GLOBAL_ACCENT_COLOR_NAME = AccentColor;
				CODE_SIGN_STYLE = Automatic;
				CURRENT_PROJECT_VERSION = 1;
				DEVELOPMENT_TEAM = UCL2K3J73M;
				ENABLE_PREVIEWS = YES;
				GENERATE_INFOPLIST_FILE = YES;
				INFOPLIST_KEY_CFBundleDisplayName = watchOSExampleApp;
				INFOPLIST_KEY_UIApplicationSceneManifest_Generation = YES;
				INFOPLIST_KEY_UIApplicationSupportsIndirectInputEvents = YES;
				INFOPLIST_KEY_UILaunchScreen_Generation = YES;
				INFOPLIST_KEY_UISupportedInterfaceOrientations_iPad = "UIInterfaceOrientationPortrait UIInterfaceOrientationPortraitUpsideDown UIInterfaceOrientationLandscapeLeft UIInterfaceOrientationLandscapeRight";
				INFOPLIST_KEY_UISupportedInterfaceOrientations_iPhone = "UIInterfaceOrientationPortrait UIInterfaceOrientationLandscapeLeft UIInterfaceOrientationLandscapeRight";
				IPHONEOS_DEPLOYMENT_TARGET = 18.4;
				LD_RUNPATH_SEARCH_PATHS = (
					"$(inherited)",
					"@executable_path/Frameworks",
				);
				MARKETING_VERSION = 1.0;
				PRODUCT_BUNDLE_IDENTIFIER = com.rudder.watchos.example;
				PRODUCT_NAME = "$(TARGET_NAME)";
				SDKROOT = iphoneos;
				SWIFT_EMIT_LOC_STRINGS = YES;
				SWIFT_VERSION = 5.0;
				TARGETED_DEVICE_FAMILY = "1,2";
			};
			name = Debug;
		};
		53DF2B982DEE0F7800FE2659 /* Release */ = {
			isa = XCBuildConfiguration;
			buildSettings = {
				ASSETCATALOG_COMPILER_APPICON_NAME = AppIcon;
				ASSETCATALOG_COMPILER_GLOBAL_ACCENT_COLOR_NAME = AccentColor;
				CODE_SIGN_STYLE = Automatic;
				CURRENT_PROJECT_VERSION = 1;
				DEVELOPMENT_TEAM = UCL2K3J73M;
				ENABLE_PREVIEWS = YES;
				GENERATE_INFOPLIST_FILE = YES;
				INFOPLIST_KEY_CFBundleDisplayName = watchOSExampleApp;
				INFOPLIST_KEY_UIApplicationSceneManifest_Generation = YES;
				INFOPLIST_KEY_UIApplicationSupportsIndirectInputEvents = YES;
				INFOPLIST_KEY_UILaunchScreen_Generation = YES;
				INFOPLIST_KEY_UISupportedInterfaceOrientations_iPad = "UIInterfaceOrientationPortrait UIInterfaceOrientationPortraitUpsideDown UIInterfaceOrientationLandscapeLeft UIInterfaceOrientationLandscapeRight";
				INFOPLIST_KEY_UISupportedInterfaceOrientations_iPhone = "UIInterfaceOrientationPortrait UIInterfaceOrientationLandscapeLeft UIInterfaceOrientationLandscapeRight";
				IPHONEOS_DEPLOYMENT_TARGET = 18.4;
				LD_RUNPATH_SEARCH_PATHS = (
					"$(inherited)",
					"@executable_path/Frameworks",
				);
				MARKETING_VERSION = 1.0;
				PRODUCT_BUNDLE_IDENTIFIER = com.rudder.watchos.example;
				PRODUCT_NAME = "$(TARGET_NAME)";
				SDKROOT = iphoneos;
				SWIFT_EMIT_LOC_STRINGS = YES;
				SWIFT_VERSION = 5.0;
				TARGETED_DEVICE_FAMILY = "1,2";
				VALIDATE_PRODUCT = YES;
			};
			name = Release;
		};
/* End XCBuildConfiguration section */

/* Begin XCConfigurationList section */
		53DF2B732DEE0F7600FE2659 /* Build configuration list for PBXProject "watchOSExample" */ = {
			isa = XCConfigurationList;
			buildConfigurations = (
				53DF2B902DEE0F7800FE2659 /* Debug */,
				53DF2B912DEE0F7800FE2659 /* Release */,
			);
			defaultConfigurationIsVisible = 0;
			defaultConfigurationName = Release;
		};
		53DF2B922DEE0F7800FE2659 /* Build configuration list for PBXNativeTarget "watchOSExampleWatchKitApp" */ = {
			isa = XCConfigurationList;
			buildConfigurations = (
				53DF2B932DEE0F7800FE2659 /* Debug */,
				53DF2B942DEE0F7800FE2659 /* Release */,
			);
			defaultConfigurationIsVisible = 0;
			defaultConfigurationName = Release;
		};
		53DF2B962DEE0F7800FE2659 /* Build configuration list for PBXNativeTarget "watchOSExampleApp" */ = {
			isa = XCConfigurationList;
			buildConfigurations = (
				53DF2B972DEE0F7800FE2659 /* Debug */,
				53DF2B982DEE0F7800FE2659 /* Release */,
			);
			defaultConfigurationIsVisible = 0;
			defaultConfigurationName = Release;
		};
/* End XCConfigurationList section */
	};
	rootObject = 53DF2B702DEE0F7600FE2659 /* Project object */;
}
